// !$*UTF8*$!
{
	archiveVersion = 1;
	classes = {
	};
	objectVersion = 77;
	objects = {

/* Begin PBXBuildFile section */
		31B985C12CC3A21400965288 /* ComposableArchitecture in Frameworks */ = {isa = PBXBuildFile; productRef = 31B985C02CC3A21400965288 /* ComposableArchitecture */; };
		31B985C82CC3E95E00965288 /* Nuke in Frameworks */ = {isa = PBXBuildFile; productRef = 31B985C72CC3E95E00965288 /* Nuke */; };
		31B985CA2CC3E95E00965288 /* NukeExtensions in Frameworks */ = {isa = PBXBuildFile; productRef = 31B985C92CC3E95E00965288 /* NukeExtensions */; };
		31B985CC2CC3E95E00965288 /* NukeUI in Frameworks */ = {isa = PBXBuildFile; productRef = 31B985CB2CC3E95E00965288 /* NukeUI */; };
		31B987D02CC5525100965288 /* UserCollection+CoreDataClass.swift in Sources */ = {isa = PBXBuildFile; fileRef = 31B987CA2CC5525100965288 /* UserCollection+CoreDataClass.swift */; };
		31B987D12CC5525100965288 /* UserContinueWatching+CoreDataClass.swift in Sources */ = {isa = PBXBuildFile; fileRef = 31B987CC2CC5525100965288 /* UserContinueWatching+CoreDataClass.swift */; };
		31B987D22CC5525100965288 /* UserContinueWatching+CoreDataProperties.swift in Sources */ = {isa = PBXBuildFile; fileRef = 31B987CD2CC5525100965288 /* UserContinueWatching+CoreDataProperties.swift */; };
		31B987D32CC5525100965288 /* UserCollection+CoreDataProperties.swift in Sources */ = {isa = PBXBuildFile; fileRef = 31B987CB2CC5525100965288 /* UserCollection+CoreDataProperties.swift */; };
		31B987D42CC5525100965288 /* UserItem+CoreDataProperties.swift in Sources */ = {isa = PBXBuildFile; fileRef = 31B987CF2CC5525100965288 /* UserItem+CoreDataProperties.swift */; };
		31B987D52CC5525100965288 /* UserItem+CoreDataClass.swift in Sources */ = {isa = PBXBuildFile; fileRef = 31B987CE2CC5525100965288 /* UserItem+CoreDataClass.swift */; };
/* End PBXBuildFile section */

/* Begin PBXCopyFilesBuildPhase section */
		31B986172CC5368500965288 /* Embed Frameworks */ = {
			isa = PBXCopyFilesBuildPhase;
			buildActionMask = 2147483647;
			dstPath = "";
			dstSubfolderSpec = 10;
			files = (
			);
			name = "Embed Frameworks";
			runOnlyForDeploymentPostprocessing = 0;
		};
/* End PBXCopyFilesBuildPhase section */

/* Begin PBXFileReference section */
		31B9855B2CBC54A300965288 /* Chouten.app */ = {isa = PBXFileReference; explicitFileType = wrapper.application; includeInIndex = 0; path = Chouten.app; sourceTree = BUILT_PRODUCTS_DIR; };
		31B987CA2CC5525100965288 /* UserCollection+CoreDataClass.swift */ = {isa = PBXFileReference; lastKnownFileType = sourcecode.swift; name = "UserCollection+CoreDataClass.swift"; path = "Chouten/Database/UserCollection+CoreDataClass.swift"; sourceTree = "<group>"; };
		31B987CB2CC5525100965288 /* UserCollection+CoreDataProperties.swift */ = {isa = PBXFileReference; lastKnownFileType = sourcecode.swift; name = "UserCollection+CoreDataProperties.swift"; path = "Chouten/Database/UserCollection+CoreDataProperties.swift"; sourceTree = "<group>"; };
		31B987CC2CC5525100965288 /* UserContinueWatching+CoreDataClass.swift */ = {isa = PBXFileReference; lastKnownFileType = sourcecode.swift; name = "UserContinueWatching+CoreDataClass.swift"; path = "Chouten/Database/UserContinueWatching+CoreDataClass.swift"; sourceTree = "<group>"; };
		31B987CD2CC5525100965288 /* UserContinueWatching+CoreDataProperties.swift */ = {isa = PBXFileReference; lastKnownFileType = sourcecode.swift; name = "UserContinueWatching+CoreDataProperties.swift"; path = "Chouten/Database/UserContinueWatching+CoreDataProperties.swift"; sourceTree = "<group>"; };
		31B987CE2CC5525100965288 /* UserItem+CoreDataClass.swift */ = {isa = PBXFileReference; lastKnownFileType = sourcecode.swift; name = "UserItem+CoreDataClass.swift"; path = "Chouten/Database/UserItem+CoreDataClass.swift"; sourceTree = "<group>"; };
		31B987CF2CC5525100965288 /* UserItem+CoreDataProperties.swift */ = {isa = PBXFileReference; lastKnownFileType = sourcecode.swift; name = "UserItem+CoreDataProperties.swift"; path = "Chouten/Database/UserItem+CoreDataProperties.swift"; sourceTree = "<group>"; };
/* End PBXFileReference section */

/* Begin PBXFileSystemSynchronizedBuildFileExceptionSet section */
		31B9856D2CBC54A600965288 /* Exceptions for "Chouten" folder in "Chouten" target */ = {
			isa = PBXFileSystemSynchronizedBuildFileExceptionSet;
			membershipExceptions = (
				App/Shared/Info.plist,
			);
			target = 31B9855A2CBC54A300965288 /* Chouten */;
		};
/* End PBXFileSystemSynchronizedBuildFileExceptionSet section */

/* Begin PBXFileSystemSynchronizedRootGroup section */
		31B9855D2CBC54A300965288 /* Chouten */ = {
			isa = PBXFileSystemSynchronizedRootGroup;
			exceptions = (
				31B9856D2CBC54A600965288 /* Exceptions for "Chouten" folder in "Chouten" target */,
			);
			path = Chouten;
			sourceTree = "<group>";
		};
/* End PBXFileSystemSynchronizedRootGroup section */

/* Begin PBXFrameworksBuildPhase section */
		31B985582CBC54A300965288 /* Frameworks */ = {
			isa = PBXFrameworksBuildPhase;
			buildActionMask = 2147483647;
			files = (
				31B985C12CC3A21400965288 /* ComposableArchitecture in Frameworks */,
				31B985C82CC3E95E00965288 /* Nuke in Frameworks */,
				31B985CA2CC3E95E00965288 /* NukeExtensions in Frameworks */,
				31B985CC2CC3E95E00965288 /* NukeUI in Frameworks */,
			);
			runOnlyForDeploymentPostprocessing = 0;
		};
/* End PBXFrameworksBuildPhase section */

/* Begin PBXGroup section */
		31B985522CBC54A300965288 = {
			isa = PBXGroup;
			children = (
				31B987CA2CC5525100965288 /* UserCollection+CoreDataClass.swift */,
				31B987CB2CC5525100965288 /* UserCollection+CoreDataProperties.swift */,
				31B987CC2CC5525100965288 /* UserContinueWatching+CoreDataClass.swift */,
				31B987CD2CC5525100965288 /* UserContinueWatching+CoreDataProperties.swift */,
				31B987CE2CC5525100965288 /* UserItem+CoreDataClass.swift */,
				31B987CF2CC5525100965288 /* UserItem+CoreDataProperties.swift */,
				31B9855D2CBC54A300965288 /* Chouten */,
				31B986122CC5368500965288 /* Frameworks */,
				31B9855C2CBC54A300965288 /* Products */,
			);
			sourceTree = "<group>";
		};
		31B9855C2CBC54A300965288 /* Products */ = {
			isa = PBXGroup;
			children = (
				31B9855B2CBC54A300965288 /* Chouten.app */,
			);
			name = Products;
			sourceTree = "<group>";
		};
		31B986122CC5368500965288 /* Frameworks */ = {
			isa = PBXGroup;
			children = (
			);
			name = Frameworks;
			sourceTree = "<group>";
		};
/* End PBXGroup section */

/* Begin PBXNativeTarget section */
		31B9855A2CBC54A300965288 /* Chouten */ = {
			isa = PBXNativeTarget;
			buildConfigurationList = 31B9856E2CBC54A600965288 /* Build configuration list for PBXNativeTarget "Chouten" */;
			buildPhases = (
				31B985572CBC54A300965288 /* Sources */,
				31B985582CBC54A300965288 /* Frameworks */,
				31B985592CBC54A300965288 /* Resources */,
				31B986172CC5368500965288 /* Embed Frameworks */,
			);
			buildRules = (
			);
			dependencies = (
			);
			fileSystemSynchronizedGroups = (
				31B9855D2CBC54A300965288 /* Chouten */,
			);
			name = Chouten;
			packageProductDependencies = (
				31B985C02CC3A21400965288 /* ComposableArchitecture */,
				31B985C72CC3E95E00965288 /* Nuke */,
				31B985C92CC3E95E00965288 /* NukeExtensions */,
				31B985CB2CC3E95E00965288 /* NukeUI */,
			);
			productName = Chouten;
			productReference = 31B9855B2CBC54A300965288 /* Chouten.app */;
			productType = "com.apple.product-type.application";
		};
/* End PBXNativeTarget section */

/* Begin PBXProject section */
		31B985532CBC54A300965288 /* Project object */ = {
			isa = PBXProject;
			attributes = {
				BuildIndependentTargetsInParallel = 1;
				LastSwiftUpdateCheck = 1600;
				LastUpgradeCheck = 1600;
				TargetAttributes = {
					31B9855A2CBC54A300965288 = {
						CreatedOnToolsVersion = 16.0;
					};
				};
			};
			buildConfigurationList = 31B985562CBC54A300965288 /* Build configuration list for PBXProject "Chouten" */;
			developmentRegion = en;
			hasScannedForEncodings = 0;
			knownRegions = (
				en,
				Base,
			);
			mainGroup = 31B985522CBC54A300965288;
			minimizedProjectReferenceProxies = 1;
			packageReferences = (
				31B985BF2CC3A21400965288 /* XCRemoteSwiftPackageReference "swift-composable-architecture" */,
				31B985C62CC3E91700965288 /* XCRemoteSwiftPackageReference "Nuke" */,
			);
			preferredProjectObjectVersion = 77;
			productRefGroup = 31B9855C2CBC54A300965288 /* Products */;
			projectDirPath = "";
			projectRoot = "";
			targets = (
				31B9855A2CBC54A300965288 /* Chouten */,
			);
		};
/* End PBXProject section */

/* Begin PBXResourcesBuildPhase section */
		31B985592CBC54A300965288 /* Resources */ = {
			isa = PBXResourcesBuildPhase;
			buildActionMask = 2147483647;
			files = (
			);
			runOnlyForDeploymentPostprocessing = 0;
		};
/* End PBXResourcesBuildPhase section */

/* Begin PBXSourcesBuildPhase section */
		31B985572CBC54A300965288 /* Sources */ = {
			isa = PBXSourcesBuildPhase;
			buildActionMask = 2147483647;
			files = (
				31B987D02CC5525100965288 /* UserCollection+CoreDataClass.swift in Sources */,
				31B987D12CC5525100965288 /* UserContinueWatching+CoreDataClass.swift in Sources */,
				31B987D22CC5525100965288 /* UserContinueWatching+CoreDataProperties.swift in Sources */,
				31B987D32CC5525100965288 /* UserCollection+CoreDataProperties.swift in Sources */,
				31B987D42CC5525100965288 /* UserItem+CoreDataProperties.swift in Sources */,
				31B987D52CC5525100965288 /* UserItem+CoreDataClass.swift in Sources */,
			);
			runOnlyForDeploymentPostprocessing = 0;
		};
/* End PBXSourcesBuildPhase section */

/* Begin XCBuildConfiguration section */
		31B9856F2CBC54A600965288 /* Debug */ = {
			isa = XCBuildConfiguration;
			buildSettings = {
				ASSETCATALOG_COMPILER_APPICON_NAME = AppIcon;
				ASSETCATALOG_COMPILER_GLOBAL_ACCENT_COLOR_NAME = AccentColor;
				CODE_SIGN_STYLE = Automatic;
				CURRENT_PROJECT_VERSION = 1;
				DEVELOPMENT_TEAM = A9QQBWPHB7;
				GENERATE_INFOPLIST_FILE = YES;
				INFOPLIST_FILE = Chouten/App/Shared/Info.plist;
				INFOPLIST_KEY_CFBundleDisplayName = Chouten;
				INFOPLIST_KEY_LSApplicationCategoryType = "public.app-category.entertainment";
				INFOPLIST_KEY_UIApplicationSupportsIndirectInputEvents = YES;
				INFOPLIST_KEY_UILaunchStoryboardName = LaunchScreen;
				INFOPLIST_KEY_UISupportedInterfaceOrientations_iPad = "UIInterfaceOrientationPortrait UIInterfaceOrientationPortraitUpsideDown UIInterfaceOrientationLandscapeLeft UIInterfaceOrientationLandscapeRight";
				INFOPLIST_KEY_UISupportedInterfaceOrientations_iPhone = "UIInterfaceOrientationPortrait UIInterfaceOrientationLandscapeLeft UIInterfaceOrientationLandscapeRight";
				IPHONEOS_DEPLOYMENT_TARGET = 15.0;
				LD_RUNPATH_SEARCH_PATHS = (
					"$(inherited)",
					"@executable_path/Frameworks",
				);
				MARKETING_VERSION = 1.0;
				PRODUCT_BUNDLE_IDENTIFIER = com.inumaki.Chouten;
				PRODUCT_NAME = "$(TARGET_NAME)";
				SUPPORTED_PLATFORMS = "iphoneos iphonesimulator";
				SUPPORTS_MACCATALYST = NO;
				SUPPORTS_XR_DESIGNED_FOR_IPHONE_IPAD = NO;
				SWIFT_EMIT_LOC_STRINGS = YES;
				SWIFT_VERSION = 5.0;
				TARGETED_DEVICE_FAMILY = "1,2";
			};
			name = Debug;
		};
		31B985702CBC54A600965288 /* Release */ = {
			isa = XCBuildConfiguration;
			buildSettings = {
				ASSETCATALOG_COMPILER_APPICON_NAME = AppIcon;
				ASSETCATALOG_COMPILER_GLOBAL_ACCENT_COLOR_NAME = AccentColor;
				CODE_SIGN_STYLE = Automatic;
				CURRENT_PROJECT_VERSION = 1;
				DEVELOPMENT_TEAM = A9QQBWPHB7;
				GENERATE_INFOPLIST_FILE = YES;
				INFOPLIST_FILE = Chouten/App/Shared/Info.plist;
				INFOPLIST_KEY_CFBundleDisplayName = Chouten;
				INFOPLIST_KEY_LSApplicationCategoryType = "public.app-category.entertainment";
				INFOPLIST_KEY_UIApplicationSupportsIndirectInputEvents = YES;
				INFOPLIST_KEY_UILaunchStoryboardName = LaunchScreen;
				INFOPLIST_KEY_UISupportedInterfaceOrientations_iPad = "UIInterfaceOrientationPortrait UIInterfaceOrientationPortraitUpsideDown UIInterfaceOrientationLandscapeLeft UIInterfaceOrientationLandscapeRight";
				INFOPLIST_KEY_UISupportedInterfaceOrientations_iPhone = "UIInterfaceOrientationPortrait UIInterfaceOrientationLandscapeLeft UIInterfaceOrientationLandscapeRight";
				IPHONEOS_DEPLOYMENT_TARGET = 15.0;
				LD_RUNPATH_SEARCH_PATHS = (
					"$(inherited)",
					"@executable_path/Frameworks",
				);
				MARKETING_VERSION = 1.0;
				PRODUCT_BUNDLE_IDENTIFIER = com.inumaki.Chouten;
				PRODUCT_NAME = "$(TARGET_NAME)";
				SUPPORTED_PLATFORMS = "iphoneos iphonesimulator";
				SUPPORTS_MACCATALYST = NO;
				SUPPORTS_XR_DESIGNED_FOR_IPHONE_IPAD = NO;
				SWIFT_EMIT_LOC_STRINGS = YES;
				SWIFT_VERSION = 5.0;
				TARGETED_DEVICE_FAMILY = "1,2";
			};
			name = Release;
		};
		31B985712CBC54A600965288 /* Debug */ = {
			isa = XCBuildConfiguration;
			buildSettings = {
				ALWAYS_SEARCH_USER_PATHS = NO;
				ASSETCATALOG_COMPILER_GENERATE_SWIFT_ASSET_SYMBOL_EXTENSIONS = YES;
				CLANG_ANALYZER_NONNULL = YES;
				CLANG_ANALYZER_NUMBER_OBJECT_CONVERSION = YES_AGGRESSIVE;
				CLANG_CXX_LANGUAGE_STANDARD = "gnu++20";
				CLANG_ENABLE_MODULES = YES;
				CLANG_ENABLE_OBJC_ARC = YES;
				CLANG_ENABLE_OBJC_WEAK = YES;
				CLANG_WARN_BLOCK_CAPTURE_AUTORELEASING = YES;
				CLANG_WARN_BOOL_CONVERSION = YES;
				CLANG_WARN_COMMA = YES;
				CLANG_WARN_CONSTANT_CONVERSION = YES;
				CLANG_WARN_DEPRECATED_OBJC_IMPLEMENTATIONS = YES;
				CLANG_WARN_DIRECT_OBJC_ISA_USAGE = YES_ERROR;
				CLANG_WARN_DOCUMENTATION_COMMENTS = YES;
				CLANG_WARN_EMPTY_BODY = YES;
				CLANG_WARN_ENUM_CONVERSION = YES;
				CLANG_WARN_INFINITE_RECURSION = YES;
				CLANG_WARN_INT_CONVERSION = YES;
				CLANG_WARN_NON_LITERAL_NULL_CONVERSION = YES;
				CLANG_WARN_OBJC_IMPLICIT_RETAIN_SELF = YES;
				CLANG_WARN_OBJC_LITERAL_CONVERSION = YES;
				CLANG_WARN_OBJC_ROOT_CLASS = YES_ERROR;
				CLANG_WARN_QUOTED_INCLUDE_IN_FRAMEWORK_HEADER = YES;
				CLANG_WARN_RANGE_LOOP_ANALYSIS = YES;
				CLANG_WARN_STRICT_PROTOTYPES = YES;
				CLANG_WARN_SUSPICIOUS_MOVE = YES;
				CLANG_WARN_UNGUARDED_AVAILABILITY = YES_AGGRESSIVE;
				CLANG_WARN_UNREACHABLE_CODE = YES;
				CLANG_WARN__DUPLICATE_METHOD_MATCH = YES;
				COPY_PHASE_STRIP = NO;
				DEBUG_INFORMATION_FORMAT = dwarf;
				ENABLE_STRICT_OBJC_MSGSEND = YES;
				ENABLE_TESTABILITY = YES;
				ENABLE_USER_SCRIPT_SANDBOXING = YES;
				GCC_C_LANGUAGE_STANDARD = gnu17;
				GCC_DYNAMIC_NO_PIC = NO;
				GCC_NO_COMMON_BLOCKS = YES;
				GCC_OPTIMIZATION_LEVEL = 0;
				GCC_PREPROCESSOR_DEFINITIONS = (
					"DEBUG=1",
					"$(inherited)",
				);
				GCC_WARN_64_TO_32_BIT_CONVERSION = YES;
				GCC_WARN_ABOUT_RETURN_TYPE = YES_ERROR;
				GCC_WARN_UNDECLARED_SELECTOR = YES;
				GCC_WARN_UNINITIALIZED_AUTOS = YES_AGGRESSIVE;
				GCC_WARN_UNUSED_FUNCTION = YES;
				GCC_WARN_UNUSED_VARIABLE = YES;
				IPHONEOS_DEPLOYMENT_TARGET = 18.0;
				LOCALIZATION_PREFERS_STRING_CATALOGS = YES;
				MTL_ENABLE_DEBUG_INFO = INCLUDE_SOURCE;
				MTL_FAST_MATH = YES;
				ONLY_ACTIVE_ARCH = YES;
				SDKROOT = iphoneos;
				SWIFT_ACTIVE_COMPILATION_CONDITIONS = "DEBUG $(inherited)";
				SWIFT_OPTIMIZATION_LEVEL = "-Onone";
			};
			name = Debug;
		};
		31B985722CBC54A600965288 /* Release */ = {
			isa = XCBuildConfiguration;
			buildSettings = {
				ALWAYS_SEARCH_USER_PATHS = NO;
				ASSETCATALOG_COMPILER_GENERATE_SWIFT_ASSET_SYMBOL_EXTENSIONS = YES;
				CLANG_ANALYZER_NONNULL = YES;
				CLANG_ANALYZER_NUMBER_OBJECT_CONVERSION = YES_AGGRESSIVE;
				CLANG_CXX_LANGUAGE_STANDARD = "gnu++20";
				CLANG_ENABLE_MODULES = YES;
				CLANG_ENABLE_OBJC_ARC = YES;
				CLANG_ENABLE_OBJC_WEAK = YES;
				CLANG_WARN_BLOCK_CAPTURE_AUTORELEASING = YES;
				CLANG_WARN_BOOL_CONVERSION = YES;
				CLANG_WARN_COMMA = YES;
				CLANG_WARN_CONSTANT_CONVERSION = YES;
				CLANG_WARN_DEPRECATED_OBJC_IMPLEMENTATIONS = YES;
				CLANG_WARN_DIRECT_OBJC_ISA_USAGE = YES_ERROR;
				CLANG_WARN_DOCUMENTATION_COMMENTS = YES;
				CLANG_WARN_EMPTY_BODY = YES;
				CLANG_WARN_ENUM_CONVERSION = YES;
				CLANG_WARN_INFINITE_RECURSION = YES;
				CLANG_WARN_INT_CONVERSION = YES;
				CLANG_WARN_NON_LITERAL_NULL_CONVERSION = YES;
				CLANG_WARN_OBJC_IMPLICIT_RETAIN_SELF = YES;
				CLANG_WARN_OBJC_LITERAL_CONVERSION = YES;
				CLANG_WARN_OBJC_ROOT_CLASS = YES_ERROR;
				CLANG_WARN_QUOTED_INCLUDE_IN_FRAMEWORK_HEADER = YES;
				CLANG_WARN_RANGE_LOOP_ANALYSIS = YES;
				CLANG_WARN_STRICT_PROTOTYPES = YES;
				CLANG_WARN_SUSPICIOUS_MOVE = YES;
				CLANG_WARN_UNGUARDED_AVAILABILITY = YES_AGGRESSIVE;
				CLANG_WARN_UNREACHABLE_CODE = YES;
				CLANG_WARN__DUPLICATE_METHOD_MATCH = YES;
				COPY_PHASE_STRIP = NO;
				DEBUG_INFORMATION_FORMAT = "dwarf-with-dsym";
				ENABLE_NS_ASSERTIONS = NO;
				ENABLE_STRICT_OBJC_MSGSEND = YES;
				ENABLE_USER_SCRIPT_SANDBOXING = YES;
				GCC_C_LANGUAGE_STANDARD = gnu17;
				GCC_NO_COMMON_BLOCKS = YES;
				GCC_WARN_64_TO_32_BIT_CONVERSION = YES;
				GCC_WARN_ABOUT_RETURN_TYPE = YES_ERROR;
				GCC_WARN_UNDECLARED_SELECTOR = YES;
				GCC_WARN_UNINITIALIZED_AUTOS = YES_AGGRESSIVE;
				GCC_WARN_UNUSED_FUNCTION = YES;
				GCC_WARN_UNUSED_VARIABLE = YES;
				IPHONEOS_DEPLOYMENT_TARGET = 18.0;
				LOCALIZATION_PREFERS_STRING_CATALOGS = YES;
				MTL_ENABLE_DEBUG_INFO = NO;
				MTL_FAST_MATH = YES;
				SDKROOT = iphoneos;
				SWIFT_COMPILATION_MODE = wholemodule;
				VALIDATE_PRODUCT = YES;
			};
			name = Release;
		};
/* End XCBuildConfiguration section */

/* Begin XCConfigurationList section */
		31B985562CBC54A300965288 /* Build configuration list for PBXProject "Chouten" */ = {
			isa = XCConfigurationList;
			buildConfigurations = (
				31B985712CBC54A600965288 /* Debug */,
				31B985722CBC54A600965288 /* Release */,
			);
			defaultConfigurationIsVisible = 0;
			defaultConfigurationName = Release;
		};
		31B9856E2CBC54A600965288 /* Build configuration list for PBXNativeTarget "Chouten" */ = {
			isa = XCConfigurationList;
			buildConfigurations = (
				31B9856F2CBC54A600965288 /* Debug */,
				31B985702CBC54A600965288 /* Release */,
			);
			defaultConfigurationIsVisible = 0;
			defaultConfigurationName = Release;
		};
/* End XCConfigurationList section */

/* Begin XCRemoteSwiftPackageReference section */
		31B985BF2CC3A21400965288 /* XCRemoteSwiftPackageReference "swift-composable-architecture" */ = {
			isa = XCRemoteSwiftPackageReference;
			repositoryURL = "https://github.com/pointfreeco/swift-composable-architecture";
			requirement = {
				kind = exactVersion;
				version = 1.11.2;
			};
		};
		31B985C62CC3E91700965288 /* XCRemoteSwiftPackageReference "Nuke" */ = {
			isa = XCRemoteSwiftPackageReference;
			repositoryURL = "https://github.com/kean/Nuke";
			requirement = {
				kind = upToNextMajorVersion;
				minimumVersion = 12.8.0;
			};
		};
/* End XCRemoteSwiftPackageReference section */

/* Begin XCSwiftPackageProductDependency section */
		31B985C02CC3A21400965288 /* ComposableArchitecture */ = {
			isa = XCSwiftPackageProductDependency;
			package = 31B985BF2CC3A21400965288 /* XCRemoteSwiftPackageReference "swift-composable-architecture" */;
			productName = ComposableArchitecture;
		};
		31B985C72CC3E95E00965288 /* Nuke */ = {
			isa = XCSwiftPackageProductDependency;
			package = 31B985C62CC3E91700965288 /* XCRemoteSwiftPackageReference "Nuke" */;
			productName = Nuke;
		};
		31B985C92CC3E95E00965288 /* NukeExtensions */ = {
			isa = XCSwiftPackageProductDependency;
			package = 31B985C62CC3E91700965288 /* XCRemoteSwiftPackageReference "Nuke" */;
			productName = NukeExtensions;
		};
		31B985CB2CC3E95E00965288 /* NukeUI */ = {
			isa = XCSwiftPackageProductDependency;
			package = 31B985C62CC3E91700965288 /* XCRemoteSwiftPackageReference "Nuke" */;
			productName = NukeUI;
		};
/* End XCSwiftPackageProductDependency section */
	};
	rootObject = 31B985532CBC54A300965288 /* Project object */;
}
