// !$*UTF8*$!
{
	archiveVersion = 1;
	classes = {
	};
	objectVersion = 56;
	objects = {

/* Begin PBXBuildFile section */
		E91F9A142A2FDDD800870245 /* DeveloperView.swift in Sources */ = {isa = PBXBuildFile; fileRef = E91F9A132A2FDDD800870245 /* DeveloperView.swift */; };
		E91F9A172A2FDE8500870245 /* NetworkView.swift in Sources */ = {isa = PBXBuildFile; fileRef = E91F9A162A2FDE8500870245 /* NetworkView.swift */; };
		E91F9A1B2A3010E700870245 /* LogsView.swift in Sources */ = {isa = PBXBuildFile; fileRef = E91F9A1A2A3010E700870245 /* LogsView.swift */; };
		E91F9A1D2A30112300870245 /* LogsDomain.swift in Sources */ = {isa = PBXBuildFile; fileRef = E91F9A1C2A30112300870245 /* LogsDomain.swift */; };
		E92106692A296B8900074C54 /* CloudflareWebview.swift in Sources */ = {isa = PBXBuildFile; fileRef = E92106682A296B8800074C54 /* CloudflareWebview.swift */; };
		E921066C2A298AB000074C54 /* HomeView.swift in Sources */ = {isa = PBXBuildFile; fileRef = E921066B2A298AB000074C54 /* HomeView.swift */; };
		E921066E2A298B3300074C54 /* HomeDomain.swift in Sources */ = {isa = PBXBuildFile; fileRef = E921066D2A298B3300074C54 /* HomeDomain.swift */; };
		E92106702A2995DD00074C54 /* HomeData.swift in Sources */ = {isa = PBXBuildFile; fileRef = E921066F2A2995DD00074C54 /* HomeData.swift */; };
		E92106732A299FFC00074C54 /* WatchView.swift in Sources */ = {isa = PBXBuildFile; fileRef = E92106722A299FFC00074C54 /* WatchView.swift */; };
		E92106762A29A0BF00074C54 /* WatchDomain.swift in Sources */ = {isa = PBXBuildFile; fileRef = E92106752A29A0BF00074C54 /* WatchDomain.swift */; };
		E92106782A29A36600074C54 /* VideoData.swift in Sources */ = {isa = PBXBuildFile; fileRef = E92106772A29A36600074C54 /* VideoData.swift */; };
		E921067A2A29B0A900074C54 /* PlayerView.swift in Sources */ = {isa = PBXBuildFile; fileRef = E92106792A29B0A900074C54 /* PlayerView.swift */; };
		E921067D2A29B10D00074C54 /* PlayerViewModel.swift in Sources */ = {isa = PBXBuildFile; fileRef = E921067C2A29B10D00074C54 /* PlayerViewModel.swift */; };
		E92106802A29B13F00074C54 /* SwiftWebVTT in Frameworks */ = {isa = PBXBuildFile; productRef = E921067F2A29B13F00074C54 /* SwiftWebVTT */; };
		E92106832A29B18800074C54 /* CustomVideoPlayer.swift in Sources */ = {isa = PBXBuildFile; fileRef = E92106822A29B18800074C54 /* CustomVideoPlayer.swift */; };
		E92106852A29B1C600074C54 /* CustomPlayerWithControls.swift in Sources */ = {isa = PBXBuildFile; fileRef = E92106842A29B1C600074C54 /* CustomPlayerWithControls.swift */; };
		E92106892A2AD58000074C54 /* ActivityIndicatorView in Frameworks */ = {isa = PBXBuildFile; productRef = E92106882A2AD58000074C54 /* ActivityIndicatorView */; };
		E921068B2A2B05BD00074C54 /* VolumeSlider.swift in Sources */ = {isa = PBXBuildFile; fileRef = E921068A2A2B05BD00074C54 /* VolumeSlider.swift */; };
		E921068E2A2FC34000074C54 /* AppearanceView.swift in Sources */ = {isa = PBXBuildFile; fileRef = E921068D2A2FC34000074C54 /* AppearanceView.swift */; };
		E92106902A2FC72200074C54 /* SettingsComponent.swift in Sources */ = {isa = PBXBuildFile; fileRef = E921068F2A2FC72200074C54 /* SettingsComponent.swift */; };
		E930ACFE2A86DFCB002EA5D8 /* InfoViewiOS.swift in Sources */ = {isa = PBXBuildFile; fileRef = E930ACFD2A86DFCB002EA5D8 /* InfoViewiOS.swift */; };
		E930AD002A86E5CF002EA5D8 /* UINavigationController.swift in Sources */ = {isa = PBXBuildFile; fileRef = E930ACFF2A86E5CF002EA5D8 /* UINavigationController.swift */; };
		E95161BE2A7282D000C56BCA /* NavbariOS.swift in Sources */ = {isa = PBXBuildFile; fileRef = E95161BD2A7282D000C56BCA /* NavbariOS.swift */; };
		E95161C02A72A7A100C56BCA /* MoreViewiOS.swift in Sources */ = {isa = PBXBuildFile; fileRef = E95161BF2A72A7A100C56BCA /* MoreViewiOS.swift */; };
		E95161C22A72EB8200C56BCA /* AppearanceViewiOS.swift in Sources */ = {isa = PBXBuildFile; fileRef = E95161C12A72EB8200C56BCA /* AppearanceViewiOS.swift */; };
		E95161C42A746BCB00C56BCA /* ModuleButtoniOS.swift in Sources */ = {isa = PBXBuildFile; fileRef = E95161C32A746BCB00C56BCA /* ModuleButtoniOS.swift */; };
		E95161C62A746DC000C56BCA /* SearchViewiOS.swift in Sources */ = {isa = PBXBuildFile; fileRef = E95161C52A746DC000C56BCA /* SearchViewiOS.swift */; };
		E97C33222A1F026400979A91 /* Info.xcdatamodeld in Sources */ = {isa = PBXBuildFile; fileRef = E97C33202A1F026400979A91 /* Info.xcdatamodeld */; };
		E97C33252A1F060300979A91 /* SceneDelegate.swift in Sources */ = {isa = PBXBuildFile; fileRef = E97C33242A1F060300979A91 /* SceneDelegate.swift */; };
		E97C33272A1F064200979A91 /* DataController.swift in Sources */ = {isa = PBXBuildFile; fileRef = E97C33262A1F064200979A91 /* DataController.swift */; };
		E97C33292A1F064D00979A91 /* HostingController.swift in Sources */ = {isa = PBXBuildFile; fileRef = E97C33282A1F064D00979A91 /* HostingController.swift */; };
		E97C332B2A1F065600979A91 /* AppDelegate.swift in Sources */ = {isa = PBXBuildFile; fileRef = E97C332A2A1F065600979A91 /* AppDelegate.swift */; };
		E97C332D2A1F07E700979A91 /* default.theme in Resources */ = {isa = PBXBuildFile; fileRef = E97C332C2A1F07E700979A91 /* default.theme */; };
		E97C33302A25836500979A91 /* VideoControlsView.swift in Sources */ = {isa = PBXBuildFile; fileRef = E97C332F2A25836500979A91 /* VideoControlsView.swift */; };
		E97C33322A2585DD00979A91 /* Seekbar.swift in Sources */ = {isa = PBXBuildFile; fileRef = E97C33312A2585DD00979A91 /* Seekbar.swift */; };
		E97C33362A27FE0000979A91 /* DecodableResult.swift in Sources */ = {isa = PBXBuildFile; fileRef = E97C33352A27FE0000979A91 /* DecodableResult.swift */; };
		E97C33382A27FE1600979A91 /* SearchData.swift in Sources */ = {isa = PBXBuildFile; fileRef = E97C33372A27FE1600979A91 /* SearchData.swift */; };
		E97C333B2A27FEE500979A91 /* Webview.swift in Sources */ = {isa = PBXBuildFile; fileRef = E97C333A2A27FEE500979A91 /* Webview.swift */; };
		E97C333D2A27FF4300979A91 /* ConsoleData.swift in Sources */ = {isa = PBXBuildFile; fileRef = E97C333C2A27FF4300979A91 /* ConsoleData.swift */; };
		E97C33402A28002700979A91 /* SwiftyJSON in Frameworks */ = {isa = PBXBuildFile; productRef = E97C333F2A28002700979A91 /* SwiftyJSON */; };
		E97C33422A2801CA00979A91 /* WebviewDomain.swift in Sources */ = {isa = PBXBuildFile; fileRef = E97C33412A2801CA00979A91 /* WebviewDomain.swift */; };
		E988AAF12A8D28DD00E1D580 /* RepoView.swift in Sources */ = {isa = PBXBuildFile; fileRef = E988AAF02A8D28DD00E1D580 /* RepoView.swift */; };
		E9A09BE92A30267B0035F57B /* Dropdown.swift in Sources */ = {isa = PBXBuildFile; fileRef = E9A09BE82A30267B0035F57B /* Dropdown.swift */; };
		E9A09BEC2A3A4E8A0035F57B /* Shimmer in Frameworks */ = {isa = PBXBuildFile; productRef = E9A09BEB2A3A4E8A0035F57B /* Shimmer */; };
		E9A09BEE2A3A54D70035F57B /* Shimmer.swift in Sources */ = {isa = PBXBuildFile; fileRef = E9A09BED2A3A54D70035F57B /* Shimmer.swift */; };
		E9A09BF02A4147FB0035F57B /* ServerCard.swift in Sources */ = {isa = PBXBuildFile; fileRef = E9A09BEF2A4147FB0035F57B /* ServerCard.swift */; };
		E9A382F029F7132C0098A3D5 /* Assets.xcassets in Resources */ = {isa = PBXBuildFile; fileRef = E9A382EF29F7132C0098A3D5 /* Assets.xcassets */; };
		E9A382F429F7132C0098A3D5 /* Preview Assets.xcassets in Resources */ = {isa = PBXBuildFile; fileRef = E9A382F329F7132C0098A3D5 /* Preview Assets.xcassets */; };
		E9A382FC29F713480098A3D5 /* ComposableArchitecture in Frameworks */ = {isa = PBXBuildFile; productRef = E9A382FB29F713480098A3D5 /* ComposableArchitecture */; };
		E9A382FF29F716A20098A3D5 /* SearchView.swift in Sources */ = {isa = PBXBuildFile; fileRef = E9A382FE29F716A20098A3D5 /* SearchView.swift */; };
		E9A3830129F716B50098A3D5 /* SearchDomain.swift in Sources */ = {isa = PBXBuildFile; fileRef = E9A3830029F716B50098A3D5 /* SearchDomain.swift */; };
		E9A3830929F7198B0098A3D5 /* Title.swift in Sources */ = {isa = PBXBuildFile; fileRef = E9A3830829F7198B0098A3D5 /* Title.swift */; };
		E9A3830C29F722BE0098A3D5 /* GridCardView.swift in Sources */ = {isa = PBXBuildFile; fileRef = E9A3830B29F722BE0098A3D5 /* GridCardView.swift */; };
		E9A3830E29F722D90098A3D5 /* GridCardDomain.swift in Sources */ = {isa = PBXBuildFile; fileRef = E9A3830D29F722D90098A3D5 /* GridCardDomain.swift */; };
		E9A3831129F723FB0098A3D5 /* Kingfisher in Frameworks */ = {isa = PBXBuildFile; productRef = E9A3831029F723FB0098A3D5 /* Kingfisher */; };
		E9B601502A1BE193009E6EFE /* MainView.swift in Sources */ = {isa = PBXBuildFile; fileRef = E9B6014F2A1BE193009E6EFE /* MainView.swift */; };
		E9B601522A1BE244009E6EFE /* MainDomain.swift in Sources */ = {isa = PBXBuildFile; fileRef = E9B601512A1BE244009E6EFE /* MainDomain.swift */; };
		E9B601542A1BE545009E6EFE /* Colors.swift in Sources */ = {isa = PBXBuildFile; fileRef = E9B601532A1BE545009E6EFE /* Colors.swift */; };
		E9B601572A1BE592009E6EFE /* Color.swift in Sources */ = {isa = PBXBuildFile; fileRef = E9B601562A1BE592009E6EFE /* Color.swift */; };
		E9B6015A2A1BED82009E6EFE /* Navbar.swift in Sources */ = {isa = PBXBuildFile; fileRef = E9B601592A1BED82009E6EFE /* Navbar.swift */; };
		E9B6015C2A1BEDC3009E6EFE /* NavbarDomain.swift in Sources */ = {isa = PBXBuildFile; fileRef = E9B6015B2A1BEDC3009E6EFE /* NavbarDomain.swift */; };
		E9B6015F2A1C1D24009E6EFE /* MoreView.swift in Sources */ = {isa = PBXBuildFile; fileRef = E9B6015E2A1C1D24009E6EFE /* MoreView.swift */; };
		E9B601612A1C1D71009E6EFE /* MoreDomain.swift in Sources */ = {isa = PBXBuildFile; fileRef = E9B601602A1C1D71009E6EFE /* MoreDomain.swift */; };
		E9B601642A1C1F5D009E6EFE /* M3ToggleStyle.swift in Sources */ = {isa = PBXBuildFile; fileRef = E9B601632A1C1F5D009E6EFE /* M3ToggleStyle.swift */; };
		E9B601682A1CEF99009E6EFE /* ModuleButton.swift in Sources */ = {isa = PBXBuildFile; fileRef = E9B601672A1CEF99009E6EFE /* ModuleButton.swift */; };
		E9B6016A2A1CF0E4009E6EFE /* FloatyDisplay.swift in Sources */ = {isa = PBXBuildFile; fileRef = E9B601692A1CF0E4009E6EFE /* FloatyDisplay.swift */; };
		E9B6016D2A1CF1EB009E6EFE /* PopupView in Frameworks */ = {isa = PBXBuildFile; productRef = E9B6016C2A1CF1EB009E6EFE /* PopupView */; };
		E9B601702A1CF52D009E6EFE /* FloatyDomain.swift in Sources */ = {isa = PBXBuildFile; fileRef = E9B6016F2A1CF52D009E6EFE /* FloatyDomain.swift */; };
		E9B601732A1D0660009E6EFE /* Root.swift in Sources */ = {isa = PBXBuildFile; fileRef = E9B601722A1D0660009E6EFE /* Root.swift */; };
		E9B601752A1D0883009E6EFE /* RootDomain.swift in Sources */ = {isa = PBXBuildFile; fileRef = E9B601742A1D0883009E6EFE /* RootDomain.swift */; };
		E9B601782A1D0A92009E6EFE /* NavigationTransitions in Frameworks */ = {isa = PBXBuildFile; productRef = E9B601772A1D0A92009E6EFE /* NavigationTransitions */; };
		E9B6017B2A1D0E57009E6EFE /* HistoryView.swift in Sources */ = {isa = PBXBuildFile; fileRef = E9B6017A2A1D0E57009E6EFE /* HistoryView.swift */; };
		E9B6017E2A1D191C009E6EFE /* ModuleSelector.swift in Sources */ = {isa = PBXBuildFile; fileRef = E9B6017D2A1D191C009E6EFE /* ModuleSelector.swift */; };
		E9B601802A1D1B3B009E6EFE /* ModuleSelectorDomain.swift in Sources */ = {isa = PBXBuildFile; fileRef = E9B6017F2A1D1B3B009E6EFE /* ModuleSelectorDomain.swift */; };
		E9B601832A1D24B7009E6EFE /* CustomBottomSheet.swift in Sources */ = {isa = PBXBuildFile; fileRef = E9B601822A1D24B7009E6EFE /* CustomBottomSheet.swift */; };
		E9B601852A1D2550009E6EFE /* RoundedCorners.swift in Sources */ = {isa = PBXBuildFile; fileRef = E9B601842A1D2550009E6EFE /* RoundedCorners.swift */; };
		E9B601872A1D257B009E6EFE /* CustomBottomSheetDomain.swift in Sources */ = {isa = PBXBuildFile; fileRef = E9B601862A1D257B009E6EFE /* CustomBottomSheetDomain.swift */; };
		E9B6018A2A1D317F009E6EFE /* ModuleManager.swift in Sources */ = {isa = PBXBuildFile; fileRef = E9B601892A1D317F009E6EFE /* ModuleManager.swift */; };
		E9B6018C2A1D3371009E6EFE /* Module.swift in Sources */ = {isa = PBXBuildFile; fileRef = E9B6018B2A1D3371009E6EFE /* Module.swift */; };
		E9B6018E2A1D3405009E6EFE /* ReturnedData.swift in Sources */ = {isa = PBXBuildFile; fileRef = E9B6018D2A1D3405009E6EFE /* ReturnedData.swift */; };
		E9B601902A1D359B009E6EFE /* String.swift in Sources */ = {isa = PBXBuildFile; fileRef = E9B6018F2A1D359B009E6EFE /* String.swift */; };
		E9B601932A1D3743009E6EFE /* ZIPFoundation in Frameworks */ = {isa = PBXBuildFile; productRef = E9B601922A1D3743009E6EFE /* ZIPFoundation */; };
		E9B601962A1D445C009E6EFE /* GlobalData.swift in Sources */ = {isa = PBXBuildFile; fileRef = E9B601952A1D445C009E6EFE /* GlobalData.swift */; };
		E9F921612A2810A800A75AFA /* ModuleSelectorButton.swift in Sources */ = {isa = PBXBuildFile; fileRef = E9F921602A2810A800A75AFA /* ModuleSelectorButton.swift */; };
		E9F921632A2810F600A75AFA /* ModuleSelectorButtonDomain.swift in Sources */ = {isa = PBXBuildFile; fileRef = E9F921622A2810F600A75AFA /* ModuleSelectorButtonDomain.swift */; };
		E9F921652A2822BC00A75AFA /* ModuleButtonDomain.swift in Sources */ = {isa = PBXBuildFile; fileRef = E9F921642A2822BC00A75AFA /* ModuleButtonDomain.swift */; };
		E9F9216B2A28452D00A75AFA /* InfoView.swift in Sources */ = {isa = PBXBuildFile; fileRef = E9F9216A2A28452D00A75AFA /* InfoView.swift */; };
		E9F9216D2A28465E00A75AFA /* InfoDomain.swift in Sources */ = {isa = PBXBuildFile; fileRef = E9F9216C2A28465E00A75AFA /* InfoDomain.swift */; };
		E9F9216F2A28482200A75AFA /* FillAspectImage.swift in Sources */ = {isa = PBXBuildFile; fileRef = E9F9216E2A28482200A75AFA /* FillAspectImage.swift */; };
		E9F921712A28502E00A75AFA /* InfoData.swift in Sources */ = {isa = PBXBuildFile; fileRef = E9F921702A28502E00A75AFA /* InfoData.swift */; };
/* End PBXBuildFile section */

/* Begin PBXFileReference section */
		E91F9A132A2FDDD800870245 /* DeveloperView.swift */ = {isa = PBXFileReference; lastKnownFileType = sourcecode.swift; path = DeveloperView.swift; sourceTree = "<group>"; };
		E91F9A162A2FDE8500870245 /* NetworkView.swift */ = {isa = PBXFileReference; lastKnownFileType = sourcecode.swift; path = NetworkView.swift; sourceTree = "<group>"; };
		E91F9A1A2A3010E700870245 /* LogsView.swift */ = {isa = PBXFileReference; lastKnownFileType = sourcecode.swift; path = LogsView.swift; sourceTree = "<group>"; };
		E91F9A1C2A30112300870245 /* LogsDomain.swift */ = {isa = PBXFileReference; lastKnownFileType = sourcecode.swift; path = LogsDomain.swift; sourceTree = "<group>"; };
		E92106682A296B8800074C54 /* CloudflareWebview.swift */ = {isa = PBXFileReference; lastKnownFileType = sourcecode.swift; path = CloudflareWebview.swift; sourceTree = "<group>"; };
		E921066B2A298AB000074C54 /* HomeView.swift */ = {isa = PBXFileReference; lastKnownFileType = sourcecode.swift; path = HomeView.swift; sourceTree = "<group>"; };
		E921066D2A298B3300074C54 /* HomeDomain.swift */ = {isa = PBXFileReference; lastKnownFileType = sourcecode.swift; path = HomeDomain.swift; sourceTree = "<group>"; };
		E921066F2A2995DD00074C54 /* HomeData.swift */ = {isa = PBXFileReference; lastKnownFileType = sourcecode.swift; path = HomeData.swift; sourceTree = "<group>"; };
		E92106722A299FFC00074C54 /* WatchView.swift */ = {isa = PBXFileReference; lastKnownFileType = sourcecode.swift; path = WatchView.swift; sourceTree = "<group>"; };
		E92106752A29A0BF00074C54 /* WatchDomain.swift */ = {isa = PBXFileReference; lastKnownFileType = sourcecode.swift; path = WatchDomain.swift; sourceTree = "<group>"; };
		E92106772A29A36600074C54 /* VideoData.swift */ = {isa = PBXFileReference; lastKnownFileType = sourcecode.swift; path = VideoData.swift; sourceTree = "<group>"; };
		E92106792A29B0A900074C54 /* PlayerView.swift */ = {isa = PBXFileReference; lastKnownFileType = sourcecode.swift; path = PlayerView.swift; sourceTree = "<group>"; };
		E921067C2A29B10D00074C54 /* PlayerViewModel.swift */ = {isa = PBXFileReference; lastKnownFileType = sourcecode.swift; path = PlayerViewModel.swift; sourceTree = "<group>"; };
		E92106822A29B18800074C54 /* CustomVideoPlayer.swift */ = {isa = PBXFileReference; lastKnownFileType = sourcecode.swift; path = CustomVideoPlayer.swift; sourceTree = "<group>"; };
		E92106842A29B1C600074C54 /* CustomPlayerWithControls.swift */ = {isa = PBXFileReference; lastKnownFileType = sourcecode.swift; path = CustomPlayerWithControls.swift; sourceTree = "<group>"; };
		E92106862A2AB01A00074C54 /* Info.plist */ = {isa = PBXFileReference; lastKnownFileType = text.plist.xml; path = Info.plist; sourceTree = "<group>"; };
		E921068A2A2B05BD00074C54 /* VolumeSlider.swift */ = {isa = PBXFileReference; lastKnownFileType = sourcecode.swift; path = VolumeSlider.swift; sourceTree = "<group>"; };
		E921068D2A2FC34000074C54 /* AppearanceView.swift */ = {isa = PBXFileReference; lastKnownFileType = sourcecode.swift; path = AppearanceView.swift; sourceTree = "<group>"; };
		E921068F2A2FC72200074C54 /* SettingsComponent.swift */ = {isa = PBXFileReference; lastKnownFileType = sourcecode.swift; path = SettingsComponent.swift; sourceTree = "<group>"; };
		E930ACFD2A86DFCB002EA5D8 /* InfoViewiOS.swift */ = {isa = PBXFileReference; lastKnownFileType = sourcecode.swift; path = InfoViewiOS.swift; sourceTree = "<group>"; };
		E930ACFF2A86E5CF002EA5D8 /* UINavigationController.swift */ = {isa = PBXFileReference; lastKnownFileType = sourcecode.swift; path = UINavigationController.swift; sourceTree = "<group>"; };
		E95161BD2A7282D000C56BCA /* NavbariOS.swift */ = {isa = PBXFileReference; lastKnownFileType = sourcecode.swift; path = NavbariOS.swift; sourceTree = "<group>"; };
		E95161BF2A72A7A100C56BCA /* MoreViewiOS.swift */ = {isa = PBXFileReference; lastKnownFileType = sourcecode.swift; path = MoreViewiOS.swift; sourceTree = "<group>"; };
		E95161C12A72EB8200C56BCA /* AppearanceViewiOS.swift */ = {isa = PBXFileReference; lastKnownFileType = sourcecode.swift; path = AppearanceViewiOS.swift; sourceTree = "<group>"; };
		E95161C32A746BCB00C56BCA /* ModuleButtoniOS.swift */ = {isa = PBXFileReference; lastKnownFileType = sourcecode.swift; path = ModuleButtoniOS.swift; sourceTree = "<group>"; };
		E95161C52A746DC000C56BCA /* SearchViewiOS.swift */ = {isa = PBXFileReference; lastKnownFileType = sourcecode.swift; path = SearchViewiOS.swift; sourceTree = "<group>"; };
		E97C33212A1F026400979A91 /* CoreDataModel.xcdatamodel */ = {isa = PBXFileReference; lastKnownFileType = wrapper.xcdatamodel; path = CoreDataModel.xcdatamodel; sourceTree = "<group>"; };
		E97C33242A1F060300979A91 /* SceneDelegate.swift */ = {isa = PBXFileReference; lastKnownFileType = sourcecode.swift; path = SceneDelegate.swift; sourceTree = "<group>"; };
		E97C33262A1F064200979A91 /* DataController.swift */ = {isa = PBXFileReference; lastKnownFileType = sourcecode.swift; path = DataController.swift; sourceTree = "<group>"; };
		E97C33282A1F064D00979A91 /* HostingController.swift */ = {isa = PBXFileReference; lastKnownFileType = sourcecode.swift; path = HostingController.swift; sourceTree = "<group>"; };
		E97C332A2A1F065600979A91 /* AppDelegate.swift */ = {isa = PBXFileReference; lastKnownFileType = sourcecode.swift; path = AppDelegate.swift; sourceTree = "<group>"; };
		E97C332C2A1F07E700979A91 /* default.theme */ = {isa = PBXFileReference; fileEncoding = 4; lastKnownFileType = text; path = default.theme; sourceTree = "<group>"; };
		E97C332F2A25836500979A91 /* VideoControlsView.swift */ = {isa = PBXFileReference; lastKnownFileType = sourcecode.swift; path = VideoControlsView.swift; sourceTree = "<group>"; };
		E97C33312A2585DD00979A91 /* Seekbar.swift */ = {isa = PBXFileReference; lastKnownFileType = sourcecode.swift; path = Seekbar.swift; sourceTree = "<group>"; };
		E97C33352A27FE0000979A91 /* DecodableResult.swift */ = {isa = PBXFileReference; lastKnownFileType = sourcecode.swift; path = DecodableResult.swift; sourceTree = "<group>"; };
		E97C33372A27FE1600979A91 /* SearchData.swift */ = {isa = PBXFileReference; lastKnownFileType = sourcecode.swift; path = SearchData.swift; sourceTree = "<group>"; };
		E97C333A2A27FEE500979A91 /* Webview.swift */ = {isa = PBXFileReference; lastKnownFileType = sourcecode.swift; path = Webview.swift; sourceTree = "<group>"; };
		E97C333C2A27FF4300979A91 /* ConsoleData.swift */ = {isa = PBXFileReference; lastKnownFileType = sourcecode.swift; path = ConsoleData.swift; sourceTree = "<group>"; };
		E97C33412A2801CA00979A91 /* WebviewDomain.swift */ = {isa = PBXFileReference; lastKnownFileType = sourcecode.swift; path = WebviewDomain.swift; sourceTree = "<group>"; };
		E988AAF02A8D28DD00E1D580 /* RepoView.swift */ = {isa = PBXFileReference; lastKnownFileType = sourcecode.swift; path = RepoView.swift; sourceTree = "<group>"; };
		E9A09BE82A30267B0035F57B /* Dropdown.swift */ = {isa = PBXFileReference; lastKnownFileType = sourcecode.swift; path = Dropdown.swift; sourceTree = "<group>"; };
		E9A09BED2A3A54D70035F57B /* Shimmer.swift */ = {isa = PBXFileReference; lastKnownFileType = sourcecode.swift; path = Shimmer.swift; sourceTree = "<group>"; };
		E9A09BEF2A4147FB0035F57B /* ServerCard.swift */ = {isa = PBXFileReference; lastKnownFileType = sourcecode.swift; path = ServerCard.swift; sourceTree = "<group>"; };
		E9A382E829F7132A0098A3D5 /* ChoutenTCA.app */ = {isa = PBXFileReference; explicitFileType = wrapper.application; includeInIndex = 0; path = ChoutenTCA.app; sourceTree = BUILT_PRODUCTS_DIR; };
		E9A382EF29F7132C0098A3D5 /* Assets.xcassets */ = {isa = PBXFileReference; lastKnownFileType = folder.assetcatalog; path = Assets.xcassets; sourceTree = "<group>"; };
		E9A382F129F7132C0098A3D5 /* ChoutenTCA.entitlements */ = {isa = PBXFileReference; lastKnownFileType = text.plist.entitlements; path = ChoutenTCA.entitlements; sourceTree = "<group>"; };
		E9A382F329F7132C0098A3D5 /* Preview Assets.xcassets */ = {isa = PBXFileReference; lastKnownFileType = folder.assetcatalog; path = "Preview Assets.xcassets"; sourceTree = "<group>"; };
		E9A382FE29F716A20098A3D5 /* SearchView.swift */ = {isa = PBXFileReference; lastKnownFileType = sourcecode.swift; path = SearchView.swift; sourceTree = "<group>"; };
		E9A3830029F716B50098A3D5 /* SearchDomain.swift */ = {isa = PBXFileReference; lastKnownFileType = sourcecode.swift; path = SearchDomain.swift; sourceTree = "<group>"; };
		E9A3830829F7198B0098A3D5 /* Title.swift */ = {isa = PBXFileReference; lastKnownFileType = sourcecode.swift; path = Title.swift; sourceTree = "<group>"; };
		E9A3830B29F722BE0098A3D5 /* GridCardView.swift */ = {isa = PBXFileReference; lastKnownFileType = sourcecode.swift; path = GridCardView.swift; sourceTree = "<group>"; };
		E9A3830D29F722D90098A3D5 /* GridCardDomain.swift */ = {isa = PBXFileReference; lastKnownFileType = sourcecode.swift; path = GridCardDomain.swift; sourceTree = "<group>"; };
		E9B6014F2A1BE193009E6EFE /* MainView.swift */ = {isa = PBXFileReference; lastKnownFileType = sourcecode.swift; path = MainView.swift; sourceTree = "<group>"; };
		E9B601512A1BE244009E6EFE /* MainDomain.swift */ = {isa = PBXFileReference; lastKnownFileType = sourcecode.swift; path = MainDomain.swift; sourceTree = "<group>"; };
		E9B601532A1BE545009E6EFE /* Colors.swift */ = {isa = PBXFileReference; lastKnownFileType = sourcecode.swift; path = Colors.swift; sourceTree = "<group>"; };
		E9B601562A1BE592009E6EFE /* Color.swift */ = {isa = PBXFileReference; lastKnownFileType = sourcecode.swift; path = Color.swift; sourceTree = "<group>"; };
		E9B601592A1BED82009E6EFE /* Navbar.swift */ = {isa = PBXFileReference; lastKnownFileType = sourcecode.swift; path = Navbar.swift; sourceTree = "<group>"; };
		E9B6015B2A1BEDC3009E6EFE /* NavbarDomain.swift */ = {isa = PBXFileReference; lastKnownFileType = sourcecode.swift; path = NavbarDomain.swift; sourceTree = "<group>"; };
		E9B6015E2A1C1D24009E6EFE /* MoreView.swift */ = {isa = PBXFileReference; lastKnownFileType = sourcecode.swift; path = MoreView.swift; sourceTree = "<group>"; };
		E9B601602A1C1D71009E6EFE /* MoreDomain.swift */ = {isa = PBXFileReference; lastKnownFileType = sourcecode.swift; path = MoreDomain.swift; sourceTree = "<group>"; };
		E9B601632A1C1F5D009E6EFE /* M3ToggleStyle.swift */ = {isa = PBXFileReference; lastKnownFileType = sourcecode.swift; path = M3ToggleStyle.swift; sourceTree = "<group>"; };
		E9B601672A1CEF99009E6EFE /* ModuleButton.swift */ = {isa = PBXFileReference; lastKnownFileType = sourcecode.swift; path = ModuleButton.swift; sourceTree = "<group>"; };
		E9B601692A1CF0E4009E6EFE /* FloatyDisplay.swift */ = {isa = PBXFileReference; lastKnownFileType = sourcecode.swift; path = FloatyDisplay.swift; sourceTree = "<group>"; };
		E9B6016F2A1CF52D009E6EFE /* FloatyDomain.swift */ = {isa = PBXFileReference; lastKnownFileType = sourcecode.swift; path = FloatyDomain.swift; sourceTree = "<group>"; };
		E9B601722A1D0660009E6EFE /* Root.swift */ = {isa = PBXFileReference; lastKnownFileType = sourcecode.swift; path = Root.swift; sourceTree = "<group>"; };
		E9B601742A1D0883009E6EFE /* RootDomain.swift */ = {isa = PBXFileReference; lastKnownFileType = sourcecode.swift; path = RootDomain.swift; sourceTree = "<group>"; };
		E9B6017A2A1D0E57009E6EFE /* HistoryView.swift */ = {isa = PBXFileReference; lastKnownFileType = sourcecode.swift; path = HistoryView.swift; sourceTree = "<group>"; };
		E9B6017D2A1D191C009E6EFE /* ModuleSelector.swift */ = {isa = PBXFileReference; lastKnownFileType = sourcecode.swift; path = ModuleSelector.swift; sourceTree = "<group>"; };
		E9B6017F2A1D1B3B009E6EFE /* ModuleSelectorDomain.swift */ = {isa = PBXFileReference; lastKnownFileType = sourcecode.swift; path = ModuleSelectorDomain.swift; sourceTree = "<group>"; };
		E9B601822A1D24B7009E6EFE /* CustomBottomSheet.swift */ = {isa = PBXFileReference; lastKnownFileType = sourcecode.swift; path = CustomBottomSheet.swift; sourceTree = "<group>"; };
		E9B601842A1D2550009E6EFE /* RoundedCorners.swift */ = {isa = PBXFileReference; lastKnownFileType = sourcecode.swift; path = RoundedCorners.swift; sourceTree = "<group>"; };
		E9B601862A1D257B009E6EFE /* CustomBottomSheetDomain.swift */ = {isa = PBXFileReference; lastKnownFileType = sourcecode.swift; path = CustomBottomSheetDomain.swift; sourceTree = "<group>"; };
		E9B601892A1D317F009E6EFE /* ModuleManager.swift */ = {isa = PBXFileReference; lastKnownFileType = sourcecode.swift; path = ModuleManager.swift; sourceTree = "<group>"; };
		E9B6018B2A1D3371009E6EFE /* Module.swift */ = {isa = PBXFileReference; lastKnownFileType = sourcecode.swift; path = Module.swift; sourceTree = "<group>"; };
		E9B6018D2A1D3405009E6EFE /* ReturnedData.swift */ = {isa = PBXFileReference; lastKnownFileType = sourcecode.swift; path = ReturnedData.swift; sourceTree = "<group>"; };
		E9B6018F2A1D359B009E6EFE /* String.swift */ = {isa = PBXFileReference; lastKnownFileType = sourcecode.swift; path = String.swift; sourceTree = "<group>"; };
		E9B601952A1D445C009E6EFE /* GlobalData.swift */ = {isa = PBXFileReference; lastKnownFileType = sourcecode.swift; path = GlobalData.swift; sourceTree = "<group>"; };
		E9F921602A2810A800A75AFA /* ModuleSelectorButton.swift */ = {isa = PBXFileReference; lastKnownFileType = sourcecode.swift; path = ModuleSelectorButton.swift; sourceTree = "<group>"; };
		E9F921622A2810F600A75AFA /* ModuleSelectorButtonDomain.swift */ = {isa = PBXFileReference; lastKnownFileType = sourcecode.swift; path = ModuleSelectorButtonDomain.swift; sourceTree = "<group>"; };
		E9F921642A2822BC00A75AFA /* ModuleButtonDomain.swift */ = {isa = PBXFileReference; lastKnownFileType = sourcecode.swift; path = ModuleButtonDomain.swift; sourceTree = "<group>"; };
		E9F9216A2A28452D00A75AFA /* InfoView.swift */ = {isa = PBXFileReference; lastKnownFileType = sourcecode.swift; path = InfoView.swift; sourceTree = "<group>"; };
		E9F9216C2A28465E00A75AFA /* InfoDomain.swift */ = {isa = PBXFileReference; lastKnownFileType = sourcecode.swift; path = InfoDomain.swift; sourceTree = "<group>"; };
		E9F9216E2A28482200A75AFA /* FillAspectImage.swift */ = {isa = PBXFileReference; lastKnownFileType = sourcecode.swift; path = FillAspectImage.swift; sourceTree = "<group>"; };
		E9F921702A28502E00A75AFA /* InfoData.swift */ = {isa = PBXFileReference; lastKnownFileType = sourcecode.swift; path = InfoData.swift; sourceTree = "<group>"; };
/* End PBXFileReference section */

/* Begin PBXFrameworksBuildPhase section */
		E9A382E529F7132A0098A3D5 /* Frameworks */ = {
			isa = PBXFrameworksBuildPhase;
			buildActionMask = 2147483647;
			files = (
				E97C33402A28002700979A91 /* SwiftyJSON in Frameworks */,
				E92106802A29B13F00074C54 /* SwiftWebVTT in Frameworks */,
				E92106892A2AD58000074C54 /* ActivityIndicatorView in Frameworks */,
				E9A09BEC2A3A4E8A0035F57B /* Shimmer in Frameworks */,
				E9B6016D2A1CF1EB009E6EFE /* PopupView in Frameworks */,
				E9A3831129F723FB0098A3D5 /* Kingfisher in Frameworks */,
				E9A382FC29F713480098A3D5 /* ComposableArchitecture in Frameworks */,
				E9B601782A1D0A92009E6EFE /* NavigationTransitions in Frameworks */,
				E9B601932A1D3743009E6EFE /* ZIPFoundation in Frameworks */,
			);
			runOnlyForDeploymentPostprocessing = 0;
		};
/* End PBXFrameworksBuildPhase section */

/* Begin PBXGroup section */
		E91F9A122A2FDDC300870245 /* Developer */ = {
			isa = PBXGroup;
			children = (
				E91F9A192A3010DC00870245 /* Logs */,
				E91F9A132A2FDDD800870245 /* DeveloperView.swift */,
			);
			path = Developer;
			sourceTree = "<group>";
		};
		E91F9A152A2FDE7300870245 /* Network */ = {
			isa = PBXGroup;
			children = (
				E91F9A162A2FDE8500870245 /* NetworkView.swift */,
			);
			path = Network;
			sourceTree = "<group>";
		};
		E91F9A182A2FDEF600870245 /* Appearance */ = {
			isa = PBXGroup;
			children = (
				E921068D2A2FC34000074C54 /* AppearanceView.swift */,
				E95161C12A72EB8200C56BCA /* AppearanceViewiOS.swift */,
			);
			path = Appearance;
			sourceTree = "<group>";
		};
		E91F9A192A3010DC00870245 /* Logs */ = {
			isa = PBXGroup;
			children = (
				E91F9A1A2A3010E700870245 /* LogsView.swift */,
				E91F9A1C2A30112300870245 /* LogsDomain.swift */,
			);
			path = Logs;
			sourceTree = "<group>";
		};
		E92106672A296B7800074C54 /* Cloudflare */ = {
			isa = PBXGroup;
			children = (
				E92106682A296B8800074C54 /* CloudflareWebview.swift */,
			);
			path = Cloudflare;
			sourceTree = "<group>";
		};
		E921066A2A298A8100074C54 /* Home */ = {
			isa = PBXGroup;
			children = (
				E921066B2A298AB000074C54 /* HomeView.swift */,
				E921066D2A298B3300074C54 /* HomeDomain.swift */,
				E921066F2A2995DD00074C54 /* HomeData.swift */,
			);
			path = Home;
			sourceTree = "<group>";
		};
		E92106742A299FFF00074C54 /* Watch */ = {
			isa = PBXGroup;
			children = (
				E92106722A299FFC00074C54 /* WatchView.swift */,
				E92106752A29A0BF00074C54 /* WatchDomain.swift */,
			);
			path = Watch;
			sourceTree = "<group>";
		};
		E921067B2A29B0D000074C54 /* Player */ = {
			isa = PBXGroup;
			children = (
				E92106792A29B0A900074C54 /* PlayerView.swift */,
				E921067C2A29B10D00074C54 /* PlayerViewModel.swift */,
			);
			path = Player;
			sourceTree = "<group>";
		};
		E92106812A29B17B00074C54 /* VideoPlayer */ = {
			isa = PBXGroup;
			children = (
				E92106822A29B18800074C54 /* CustomVideoPlayer.swift */,
				E92106842A29B1C600074C54 /* CustomPlayerWithControls.swift */,
			);
			path = VideoPlayer;
			sourceTree = "<group>";
		};
		E921068C2A2FC32700074C54 /* Settings */ = {
			isa = PBXGroup;
			children = (
				E91F9A182A2FDEF600870245 /* Appearance */,
				E91F9A152A2FDE7300870245 /* Network */,
				E91F9A122A2FDDC300870245 /* Developer */,
			);
			path = Settings;
			sourceTree = "<group>";
		};
		E97C33232A1F055800979A91 /* CoreDataFiles */ = {
			isa = PBXGroup;
			children = (
				E97C33202A1F026400979A91 /* Info.xcdatamodeld */,
			);
			path = CoreDataFiles;
			sourceTree = "<group>";
		};
		E97C332E2A25835600979A91 /* Video */ = {
			isa = PBXGroup;
			children = (
				E92106812A29B17B00074C54 /* VideoPlayer */,
				E921067B2A29B0D000074C54 /* Player */,
				E92106742A299FFF00074C54 /* Watch */,
				E97C332F2A25836500979A91 /* VideoControlsView.swift */,
				E97C33312A2585DD00979A91 /* Seekbar.swift */,
				E92106772A29A36600074C54 /* VideoData.swift */,
				E921068A2A2B05BD00074C54 /* VolumeSlider.swift */,
			);
			path = Video;
			sourceTree = "<group>";
		};
		E97C33332A27FDED00979A91 /* Models */ = {
			isa = PBXGroup;
			children = (
				E97C33342A27FDF300979A91 /* Search */,
				E97C33352A27FE0000979A91 /* DecodableResult.swift */,
				E97C333C2A27FF4300979A91 /* ConsoleData.swift */,
			);
			path = Models;
			sourceTree = "<group>";
		};
		E97C33342A27FDF300979A91 /* Search */ = {
			isa = PBXGroup;
			children = (
				E97C33372A27FE1600979A91 /* SearchData.swift */,
			);
			path = Search;
			sourceTree = "<group>";
		};
		E97C33392A27FED900979A91 /* Webview */ = {
			isa = PBXGroup;
			children = (
				E97C333A2A27FEE500979A91 /* Webview.swift */,
				E97C33412A2801CA00979A91 /* WebviewDomain.swift */,
			);
			path = Webview;
			sourceTree = "<group>";
		};
		E988AAEF2A8D28D200E1D580 /* Repo */ = {
			isa = PBXGroup;
			children = (
				E988AAF02A8D28DD00E1D580 /* RepoView.swift */,
			);
			path = Repo;
			sourceTree = "<group>";
		};
		E988AAF22A917A4500E1D580 /* App */ = {
			isa = PBXGroup;
			children = (
				E92106862A2AB01A00074C54 /* Info.plist */,
				E92106672A296B7800074C54 /* Cloudflare */,
				E9F921692A28452400A75AFA /* Info */,
				E97C33392A27FED900979A91 /* Webview */,
				E97C33332A27FDED00979A91 /* Models */,
				E97C332E2A25835600979A91 /* Video */,
				E97C33232A1F055800979A91 /* CoreDataFiles */,
				E9B601712A1D0656009E6EFE /* Root */,
				E9B601622A1C1F4D009E6EFE /* Components */,
				E9B601552A1BE584009E6EFE /* Extensions */,
				E9B6014E2A1BE182009E6EFE /* Main */,
				E9A3830A29F722AF0098A3D5 /* GridCard */,
				E9A3830729F719810098A3D5 /* General */,
			);
			path = App;
			sourceTree = "<group>";
		};
		E988AAF32A917A4A00E1D580 /* Tests */ = {
			isa = PBXGroup;
			children = (
			);
			path = Tests;
			sourceTree = "<group>";
		};
		E9A382DF29F7132A0098A3D5 = {
			isa = PBXGroup;
			children = (
				E97C332C2A1F07E700979A91 /* default.theme */,
				E9B601942A1D444C009E6EFE /* Global */,
				E9B601882A1D316A009E6EFE /* Module */,
				E9A382EA29F7132A0098A3D5 /* ChoutenTCA */,
				E9A382E929F7132A0098A3D5 /* Products */,
			);
			sourceTree = "<group>";
		};
		E9A382E929F7132A0098A3D5 /* Products */ = {
			isa = PBXGroup;
			children = (
				E9A382E829F7132A0098A3D5 /* ChoutenTCA.app */,
			);
			name = Products;
			sourceTree = "<group>";
		};
		E9A382EA29F7132A0098A3D5 /* ChoutenTCA */ = {
			isa = PBXGroup;
			children = (
				E988AAF32A917A4A00E1D580 /* Tests */,
				E988AAF22A917A4500E1D580 /* App */,
				E9A382EF29F7132C0098A3D5 /* Assets.xcassets */,
				E9A382F129F7132C0098A3D5 /* ChoutenTCA.entitlements */,
				E9A382F229F7132C0098A3D5 /* Preview Content */,
				E97C33242A1F060300979A91 /* SceneDelegate.swift */,
				E97C33262A1F064200979A91 /* DataController.swift */,
				E97C33282A1F064D00979A91 /* HostingController.swift */,
				E97C332A2A1F065600979A91 /* AppDelegate.swift */,
			);
			path = ChoutenTCA;
			sourceTree = "<group>";
		};
		E9A382F229F7132C0098A3D5 /* Preview Content */ = {
			isa = PBXGroup;
			children = (
				E9A382F329F7132C0098A3D5 /* Preview Assets.xcassets */,
			);
			path = "Preview Content";
			sourceTree = "<group>";
		};
		E9A382FD29F716960098A3D5 /* Search */ = {
			isa = PBXGroup;
			children = (
				E9A382FE29F716A20098A3D5 /* SearchView.swift */,
				E9A3830029F716B50098A3D5 /* SearchDomain.swift */,
				E95161C52A746DC000C56BCA /* SearchViewiOS.swift */,
			);
			path = Search;
			sourceTree = "<group>";
		};
		E9A3830729F719810098A3D5 /* General */ = {
			isa = PBXGroup;
			children = (
				E9A3830829F7198B0098A3D5 /* Title.swift */,
			);
			path = General;
			sourceTree = "<group>";
		};
		E9A3830A29F722AF0098A3D5 /* GridCard */ = {
			isa = PBXGroup;
			children = (
				E9A3830B29F722BE0098A3D5 /* GridCardView.swift */,
				E9A3830D29F722D90098A3D5 /* GridCardDomain.swift */,
			);
			path = GridCard;
			sourceTree = "<group>";
		};
		E9B6014E2A1BE182009E6EFE /* Main */ = {
			isa = PBXGroup;
			children = (
				E988AAEF2A8D28D200E1D580 /* Repo */,
				E921066A2A298A8100074C54 /* Home */,
				E9B601792A1D0E4A009E6EFE /* History */,
				E9B601652A1CEF84009E6EFE /* Module */,
				E9B6015D2A1C1D11009E6EFE /* More */,
				E9A382FD29F716960098A3D5 /* Search */,
				E9B601582A1BED73009E6EFE /* Navbar */,
				E9B6014F2A1BE193009E6EFE /* MainView.swift */,
				E9B601512A1BE244009E6EFE /* MainDomain.swift */,
			);
			path = Main;
			sourceTree = "<group>";
		};
		E9B601552A1BE584009E6EFE /* Extensions */ = {
			isa = PBXGroup;
			children = (
				E9B601562A1BE592009E6EFE /* Color.swift */,
				E9B601842A1D2550009E6EFE /* RoundedCorners.swift */,
				E9B6018F2A1D359B009E6EFE /* String.swift */,
				E9A09BED2A3A54D70035F57B /* Shimmer.swift */,
				E930ACFF2A86E5CF002EA5D8 /* UINavigationController.swift */,
			);
			path = Extensions;
			sourceTree = "<group>";
		};
		E9B601582A1BED73009E6EFE /* Navbar */ = {
			isa = PBXGroup;
			children = (
				E9B601592A1BED82009E6EFE /* Navbar.swift */,
				E9B6015B2A1BEDC3009E6EFE /* NavbarDomain.swift */,
				E95161BD2A7282D000C56BCA /* NavbariOS.swift */,
			);
			path = Navbar;
			sourceTree = "<group>";
		};
		E9B6015D2A1C1D11009E6EFE /* More */ = {
			isa = PBXGroup;
			children = (
				E921068C2A2FC32700074C54 /* Settings */,
				E9B6015E2A1C1D24009E6EFE /* MoreView.swift */,
				E9B601602A1C1D71009E6EFE /* MoreDomain.swift */,
				E95161BF2A72A7A100C56BCA /* MoreViewiOS.swift */,
			);
			path = More;
			sourceTree = "<group>";
		};
		E9B601622A1C1F4D009E6EFE /* Components */ = {
			isa = PBXGroup;
			children = (
				E9B601812A1D24A9009E6EFE /* CustomBottomSheet */,
				E9B6016E2A1CF51B009E6EFE /* Floaty */,
				E9B601632A1C1F5D009E6EFE /* M3ToggleStyle.swift */,
				E9F9216E2A28482200A75AFA /* FillAspectImage.swift */,
				E921068F2A2FC72200074C54 /* SettingsComponent.swift */,
				E9A09BEF2A4147FB0035F57B /* ServerCard.swift */,
			);
			path = Components;
			sourceTree = "<group>";
		};
		E9B601652A1CEF84009E6EFE /* Module */ = {
			isa = PBXGroup;
			children = (
				E9B6017C2A1D1910009E6EFE /* Selector */,
				E9B601662A1CEF8E009E6EFE /* Button */,
			);
			path = Module;
			sourceTree = "<group>";
		};
		E9B601662A1CEF8E009E6EFE /* Button */ = {
			isa = PBXGroup;
			children = (
				E9B601672A1CEF99009E6EFE /* ModuleButton.swift */,
				E9F921642A2822BC00A75AFA /* ModuleButtonDomain.swift */,
				E95161C32A746BCB00C56BCA /* ModuleButtoniOS.swift */,
			);
			path = Button;
			sourceTree = "<group>";
		};
		E9B6016E2A1CF51B009E6EFE /* Floaty */ = {
			isa = PBXGroup;
			children = (
				E9B601692A1CF0E4009E6EFE /* FloatyDisplay.swift */,
				E9B6016F2A1CF52D009E6EFE /* FloatyDomain.swift */,
			);
			path = Floaty;
			sourceTree = "<group>";
		};
		E9B601712A1D0656009E6EFE /* Root */ = {
			isa = PBXGroup;
			children = (
				E9B601722A1D0660009E6EFE /* Root.swift */,
				E9B601742A1D0883009E6EFE /* RootDomain.swift */,
			);
			path = Root;
			sourceTree = "<group>";
		};
		E9B601792A1D0E4A009E6EFE /* History */ = {
			isa = PBXGroup;
			children = (
				E9B6017A2A1D0E57009E6EFE /* HistoryView.swift */,
			);
			path = History;
			sourceTree = "<group>";
		};
		E9B6017C2A1D1910009E6EFE /* Selector */ = {
			isa = PBXGroup;
			children = (
				E9B6017D2A1D191C009E6EFE /* ModuleSelector.swift */,
				E9B6017F2A1D1B3B009E6EFE /* ModuleSelectorDomain.swift */,
				E9F921602A2810A800A75AFA /* ModuleSelectorButton.swift */,
				E9F921622A2810F600A75AFA /* ModuleSelectorButtonDomain.swift */,
			);
			path = Selector;
			sourceTree = "<group>";
		};
		E9B601812A1D24A9009E6EFE /* CustomBottomSheet */ = {
			isa = PBXGroup;
			children = (
				E9B601822A1D24B7009E6EFE /* CustomBottomSheet.swift */,
				E9B601862A1D257B009E6EFE /* CustomBottomSheetDomain.swift */,
			);
			path = CustomBottomSheet;
			sourceTree = "<group>";
		};
		E9B601882A1D316A009E6EFE /* Module */ = {
			isa = PBXGroup;
			children = (
				E9B601892A1D317F009E6EFE /* ModuleManager.swift */,
				E9B6018B2A1D3371009E6EFE /* Module.swift */,
				E9B6018D2A1D3405009E6EFE /* ReturnedData.swift */,
			);
			path = Module;
			sourceTree = "<group>";
		};
		E9B601942A1D444C009E6EFE /* Global */ = {
			isa = PBXGroup;
			children = (
				E9B601532A1BE545009E6EFE /* Colors.swift */,
				E9B601952A1D445C009E6EFE /* GlobalData.swift */,
			);
			path = Global;
			sourceTree = "<group>";
		};
		E9F921692A28452400A75AFA /* Info */ = {
			isa = PBXGroup;
			children = (
				E9F9216A2A28452D00A75AFA /* InfoView.swift */,
				E9F9216C2A28465E00A75AFA /* InfoDomain.swift */,
				E9F921702A28502E00A75AFA /* InfoData.swift */,
				E9A09BE82A30267B0035F57B /* Dropdown.swift */,
				E930ACFD2A86DFCB002EA5D8 /* InfoViewiOS.swift */,
			);
			path = Info;
			sourceTree = "<group>";
		};
/* End PBXGroup section */

/* Begin PBXNativeTarget section */
		E9A382E729F7132A0098A3D5 /* ChoutenTCA */ = {
			isa = PBXNativeTarget;
			buildConfigurationList = E9A382F729F7132C0098A3D5 /* Build configuration list for PBXNativeTarget "ChoutenTCA" */;
			buildPhases = (
				E9A382E429F7132A0098A3D5 /* Sources */,
				E9A382E529F7132A0098A3D5 /* Frameworks */,
				E9A382E629F7132A0098A3D5 /* Resources */,
			);
			buildRules = (
			);
			dependencies = (
			);
			name = ChoutenTCA;
			packageProductDependencies = (
				E9A382FB29F713480098A3D5 /* ComposableArchitecture */,
				E9A3831029F723FB0098A3D5 /* Kingfisher */,
				E9B6016C2A1CF1EB009E6EFE /* PopupView */,
				E9B601772A1D0A92009E6EFE /* NavigationTransitions */,
				E9B601922A1D3743009E6EFE /* ZIPFoundation */,
				E97C333F2A28002700979A91 /* SwiftyJSON */,
				E921067F2A29B13F00074C54 /* SwiftWebVTT */,
				E92106882A2AD58000074C54 /* ActivityIndicatorView */,
				E9A09BEB2A3A4E8A0035F57B /* Shimmer */,
			);
			productName = ChoutenTCA;
			productReference = E9A382E829F7132A0098A3D5 /* ChoutenTCA.app */;
			productType = "com.apple.product-type.application";
		};
/* End PBXNativeTarget section */

/* Begin PBXProject section */
		E9A382E029F7132A0098A3D5 /* Project object */ = {
			isa = PBXProject;
			attributes = {
				BuildIndependentTargetsInParallel = 1;
				LastSwiftUpdateCheck = 1400;
				LastUpgradeCheck = 1430;
				TargetAttributes = {
					E9A382E729F7132A0098A3D5 = {
						CreatedOnToolsVersion = 14.0;
					};
				};
			};
			buildConfigurationList = E9A382E329F7132A0098A3D5 /* Build configuration list for PBXProject "ChoutenTCA" */;
			compatibilityVersion = "Xcode 14.0";
			developmentRegion = en;
			hasScannedForEncodings = 0;
			knownRegions = (
				en,
				Base,
			);
			mainGroup = E9A382DF29F7132A0098A3D5;
			packageReferences = (
				E9A382FA29F713480098A3D5 /* XCRemoteSwiftPackageReference "swift-composable-architecture" */,
				E9A3830F29F723FB0098A3D5 /* XCRemoteSwiftPackageReference "Kingfisher" */,
				E9B6016B2A1CF1EA009E6EFE /* XCRemoteSwiftPackageReference "PopupView" */,
				E9B601762A1D0A92009E6EFE /* XCRemoteSwiftPackageReference "swiftui-navigation-transitions" */,
				E9B601912A1D3742009E6EFE /* XCRemoteSwiftPackageReference "ZIPFoundation" */,
				E97C333E2A28002700979A91 /* XCRemoteSwiftPackageReference "SwiftyJSON" */,
				E921067E2A29B13F00074C54 /* XCRemoteSwiftPackageReference "SwiftWebVTT" */,
				E92106872A2AD58000074C54 /* XCRemoteSwiftPackageReference "ActivityIndicatorView" */,
				E9A09BEA2A3A4E8A0035F57B /* XCRemoteSwiftPackageReference "SwiftUI-Shimmer" */,
			);
			productRefGroup = E9A382E929F7132A0098A3D5 /* Products */;
			projectDirPath = "";
			projectRoot = "";
			targets = (
				E9A382E729F7132A0098A3D5 /* ChoutenTCA */,
			);
		};
/* End PBXProject section */

/* Begin PBXResourcesBuildPhase section */
		E9A382E629F7132A0098A3D5 /* Resources */ = {
			isa = PBXResourcesBuildPhase;
			buildActionMask = 2147483647;
			files = (
				E9A382F429F7132C0098A3D5 /* Preview Assets.xcassets in Resources */,
				E9A382F029F7132C0098A3D5 /* Assets.xcassets in Resources */,
				E97C332D2A1F07E700979A91 /* default.theme in Resources */,
			);
			runOnlyForDeploymentPostprocessing = 0;
		};
/* End PBXResourcesBuildPhase section */

/* Begin PBXSourcesBuildPhase section */
		E9A382E429F7132A0098A3D5 /* Sources */ = {
			isa = PBXSourcesBuildPhase;
			buildActionMask = 2147483647;
			files = (
				E97C333D2A27FF4300979A91 /* ConsoleData.swift in Sources */,
				E9B601522A1BE244009E6EFE /* MainDomain.swift in Sources */,
				E92106732A299FFC00074C54 /* WatchView.swift in Sources */,
				E92106702A2995DD00074C54 /* HomeData.swift in Sources */,
				E9F9216D2A28465E00A75AFA /* InfoDomain.swift in Sources */,
				E9B601642A1C1F5D009E6EFE /* M3ToggleStyle.swift in Sources */,
				E921067A2A29B0A900074C54 /* PlayerView.swift in Sources */,
				E97C332B2A1F065600979A91 /* AppDelegate.swift in Sources */,
				E9B601732A1D0660009E6EFE /* Root.swift in Sources */,
				E9B6015C2A1BEDC3009E6EFE /* NavbarDomain.swift in Sources */,
				E9B601542A1BE545009E6EFE /* Colors.swift in Sources */,
				E9A382FF29F716A20098A3D5 /* SearchView.swift in Sources */,
				E9B6017B2A1D0E57009E6EFE /* HistoryView.swift in Sources */,
				E930AD002A86E5CF002EA5D8 /* UINavigationController.swift in Sources */,
				E97C33382A27FE1600979A91 /* SearchData.swift in Sources */,
				E9B6016A2A1CF0E4009E6EFE /* FloatyDisplay.swift in Sources */,
				E97C33222A1F026400979A91 /* Info.xcdatamodeld in Sources */,
				E92106832A29B18800074C54 /* CustomVideoPlayer.swift in Sources */,
				E9B6015F2A1C1D24009E6EFE /* MoreView.swift in Sources */,
				E92106692A296B8900074C54 /* CloudflareWebview.swift in Sources */,
				E91F9A1B2A3010E700870245 /* LogsView.swift in Sources */,
				E9B601502A1BE193009E6EFE /* MainView.swift in Sources */,
				E91F9A1D2A30112300870245 /* LogsDomain.swift in Sources */,
				E9B601802A1D1B3B009E6EFE /* ModuleSelectorDomain.swift in Sources */,
				E95161C62A746DC000C56BCA /* SearchViewiOS.swift in Sources */,
				E9F921712A28502E00A75AFA /* InfoData.swift in Sources */,
				E9F921612A2810A800A75AFA /* ModuleSelectorButton.swift in Sources */,
				E9B601702A1CF52D009E6EFE /* FloatyDomain.swift in Sources */,
				E921066E2A298B3300074C54 /* HomeDomain.swift in Sources */,
				E97C33272A1F064200979A91 /* DataController.swift in Sources */,
				E97C33322A2585DD00979A91 /* Seekbar.swift in Sources */,
				E9B601612A1C1D71009E6EFE /* MoreDomain.swift in Sources */,
				E9A09BE92A30267B0035F57B /* Dropdown.swift in Sources */,
				E9B6018E2A1D3405009E6EFE /* ReturnedData.swift in Sources */,
				E921068E2A2FC34000074C54 /* AppearanceView.swift in Sources */,
				E930ACFE2A86DFCB002EA5D8 /* InfoViewiOS.swift in Sources */,
				E97C33252A1F060300979A91 /* SceneDelegate.swift in Sources */,
				E9A09BF02A4147FB0035F57B /* ServerCard.swift in Sources */,
				E9B601962A1D445C009E6EFE /* GlobalData.swift in Sources */,
				E9B601572A1BE592009E6EFE /* Color.swift in Sources */,
				E988AAF12A8D28DD00E1D580 /* RepoView.swift in Sources */,
				E95161BE2A7282D000C56BCA /* NavbariOS.swift in Sources */,
				E9B6017E2A1D191C009E6EFE /* ModuleSelector.swift in Sources */,
				E9F9216F2A28482200A75AFA /* FillAspectImage.swift in Sources */,
				E9B6015A2A1BED82009E6EFE /* Navbar.swift in Sources */,
				E9B601872A1D257B009E6EFE /* CustomBottomSheetDomain.swift in Sources */,
				E9A3830129F716B50098A3D5 /* SearchDomain.swift in Sources */,
				E9F921652A2822BC00A75AFA /* ModuleButtonDomain.swift in Sources */,
				E9B601752A1D0883009E6EFE /* RootDomain.swift in Sources */,
				E95161C02A72A7A100C56BCA /* MoreViewiOS.swift in Sources */,
				E97C33362A27FE0000979A91 /* DecodableResult.swift in Sources */,
				E9A3830929F7198B0098A3D5 /* Title.swift in Sources */,
				E9B6018C2A1D3371009E6EFE /* Module.swift in Sources */,
				E97C33292A1F064D00979A91 /* HostingController.swift in Sources */,
				E97C333B2A27FEE500979A91 /* Webview.swift in Sources */,
				E921066C2A298AB000074C54 /* HomeView.swift in Sources */,
				E9A09BEE2A3A54D70035F57B /* Shimmer.swift in Sources */,
				E95161C42A746BCB00C56BCA /* ModuleButtoniOS.swift in Sources */,
				E92106852A29B1C600074C54 /* CustomPlayerWithControls.swift in Sources */,
				E91F9A142A2FDDD800870245 /* DeveloperView.swift in Sources */,
				E92106902A2FC72200074C54 /* SettingsComponent.swift in Sources */,
				E97C33302A25836500979A91 /* VideoControlsView.swift in Sources */,
				E9B601682A1CEF99009E6EFE /* ModuleButton.swift in Sources */,
				E9B601832A1D24B7009E6EFE /* CustomBottomSheet.swift in Sources */,
				E9F9216B2A28452D00A75AFA /* InfoView.swift in Sources */,
				E9A3830C29F722BE0098A3D5 /* GridCardView.swift in Sources */,
				E921068B2A2B05BD00074C54 /* VolumeSlider.swift in Sources */,
				E921067D2A29B10D00074C54 /* PlayerViewModel.swift in Sources */,
				E97C33422A2801CA00979A91 /* WebviewDomain.swift in Sources */,
				E9B6018A2A1D317F009E6EFE /* ModuleManager.swift in Sources */,
				E91F9A172A2FDE8500870245 /* NetworkView.swift in Sources */,
				E9F921632A2810F600A75AFA /* ModuleSelectorButtonDomain.swift in Sources */,
				E92106782A29A36600074C54 /* VideoData.swift in Sources */,
				E9B601852A1D2550009E6EFE /* RoundedCorners.swift in Sources */,
				E95161C22A72EB8200C56BCA /* AppearanceViewiOS.swift in Sources */,
				E9B601902A1D359B009E6EFE /* String.swift in Sources */,
				E92106762A29A0BF00074C54 /* WatchDomain.swift in Sources */,
				E9A3830E29F722D90098A3D5 /* GridCardDomain.swift in Sources */,
			);
			runOnlyForDeploymentPostprocessing = 0;
		};
/* End PBXSourcesBuildPhase section */

/* Begin XCBuildConfiguration section */
		E9A382F529F7132C0098A3D5 /* Debug */ = {
			isa = XCBuildConfiguration;
			buildSettings = {
				ALWAYS_SEARCH_USER_PATHS = NO;
				CLANG_ANALYZER_NONNULL = YES;
				CLANG_ANALYZER_NUMBER_OBJECT_CONVERSION = YES_AGGRESSIVE;
				CLANG_CXX_LANGUAGE_STANDARD = "gnu++20";
				CLANG_ENABLE_MODULES = YES;
				CLANG_ENABLE_OBJC_ARC = YES;
				CLANG_ENABLE_OBJC_WEAK = YES;
				CLANG_WARN_BLOCK_CAPTURE_AUTORELEASING = YES;
				CLANG_WARN_BOOL_CONVERSION = YES;
				CLANG_WARN_COMMA = YES;
				CLANG_WARN_CONSTANT_CONVERSION = YES;
				CLANG_WARN_DEPRECATED_OBJC_IMPLEMENTATIONS = YES;
				CLANG_WARN_DIRECT_OBJC_ISA_USAGE = YES_ERROR;
				CLANG_WARN_DOCUMENTATION_COMMENTS = YES;
				CLANG_WARN_EMPTY_BODY = YES;
				CLANG_WARN_ENUM_CONVERSION = YES;
				CLANG_WARN_INFINITE_RECURSION = YES;
				CLANG_WARN_INT_CONVERSION = YES;
				CLANG_WARN_NON_LITERAL_NULL_CONVERSION = YES;
				CLANG_WARN_OBJC_IMPLICIT_RETAIN_SELF = YES;
				CLANG_WARN_OBJC_LITERAL_CONVERSION = YES;
				CLANG_WARN_OBJC_ROOT_CLASS = YES_ERROR;
				CLANG_WARN_QUOTED_INCLUDE_IN_FRAMEWORK_HEADER = YES;
				CLANG_WARN_RANGE_LOOP_ANALYSIS = YES;
				CLANG_WARN_STRICT_PROTOTYPES = YES;
				CLANG_WARN_SUSPICIOUS_MOVE = YES;
				CLANG_WARN_UNGUARDED_AVAILABILITY = YES_AGGRESSIVE;
				CLANG_WARN_UNREACHABLE_CODE = YES;
				CLANG_WARN__DUPLICATE_METHOD_MATCH = YES;
				COPY_PHASE_STRIP = NO;
				DEAD_CODE_STRIPPING = YES;
				DEBUG_INFORMATION_FORMAT = dwarf;
				ENABLE_STRICT_OBJC_MSGSEND = YES;
				ENABLE_TESTABILITY = YES;
				GCC_C_LANGUAGE_STANDARD = gnu11;
				GCC_DYNAMIC_NO_PIC = NO;
				GCC_NO_COMMON_BLOCKS = YES;
				GCC_OPTIMIZATION_LEVEL = 0;
				GCC_PREPROCESSOR_DEFINITIONS = (
					"DEBUG=1",
					"$(inherited)",
				);
				GCC_WARN_64_TO_32_BIT_CONVERSION = YES;
				GCC_WARN_ABOUT_RETURN_TYPE = YES_ERROR;
				GCC_WARN_UNDECLARED_SELECTOR = YES;
				GCC_WARN_UNINITIALIZED_AUTOS = YES_AGGRESSIVE;
				GCC_WARN_UNUSED_FUNCTION = YES;
				GCC_WARN_UNUSED_VARIABLE = YES;
				MTL_ENABLE_DEBUG_INFO = INCLUDE_SOURCE;
				MTL_FAST_MATH = YES;
				ONLY_ACTIVE_ARCH = YES;
				SWIFT_ACTIVE_COMPILATION_CONDITIONS = DEBUG;
				SWIFT_OPTIMIZATION_LEVEL = "-Onone";
			};
			name = Debug;
		};
		E9A382F629F7132C0098A3D5 /* Release */ = {
			isa = XCBuildConfiguration;
			buildSettings = {
				ALWAYS_SEARCH_USER_PATHS = NO;
				CLANG_ANALYZER_NONNULL = YES;
				CLANG_ANALYZER_NUMBER_OBJECT_CONVERSION = YES_AGGRESSIVE;
				CLANG_CXX_LANGUAGE_STANDARD = "gnu++20";
				CLANG_ENABLE_MODULES = YES;
				CLANG_ENABLE_OBJC_ARC = YES;
				CLANG_ENABLE_OBJC_WEAK = YES;
				CLANG_WARN_BLOCK_CAPTURE_AUTORELEASING = YES;
				CLANG_WARN_BOOL_CONVERSION = YES;
				CLANG_WARN_COMMA = YES;
				CLANG_WARN_CONSTANT_CONVERSION = YES;
				CLANG_WARN_DEPRECATED_OBJC_IMPLEMENTATIONS = YES;
				CLANG_WARN_DIRECT_OBJC_ISA_USAGE = YES_ERROR;
				CLANG_WARN_DOCUMENTATION_COMMENTS = YES;
				CLANG_WARN_EMPTY_BODY = YES;
				CLANG_WARN_ENUM_CONVERSION = YES;
				CLANG_WARN_INFINITE_RECURSION = YES;
				CLANG_WARN_INT_CONVERSION = YES;
				CLANG_WARN_NON_LITERAL_NULL_CONVERSION = YES;
				CLANG_WARN_OBJC_IMPLICIT_RETAIN_SELF = YES;
				CLANG_WARN_OBJC_LITERAL_CONVERSION = YES;
				CLANG_WARN_OBJC_ROOT_CLASS = YES_ERROR;
				CLANG_WARN_QUOTED_INCLUDE_IN_FRAMEWORK_HEADER = YES;
				CLANG_WARN_RANGE_LOOP_ANALYSIS = YES;
				CLANG_WARN_STRICT_PROTOTYPES = YES;
				CLANG_WARN_SUSPICIOUS_MOVE = YES;
				CLANG_WARN_UNGUARDED_AVAILABILITY = YES_AGGRESSIVE;
				CLANG_WARN_UNREACHABLE_CODE = YES;
				CLANG_WARN__DUPLICATE_METHOD_MATCH = YES;
				COPY_PHASE_STRIP = NO;
				DEAD_CODE_STRIPPING = YES;
				DEBUG_INFORMATION_FORMAT = "dwarf-with-dsym";
				ENABLE_NS_ASSERTIONS = NO;
				ENABLE_STRICT_OBJC_MSGSEND = YES;
				GCC_C_LANGUAGE_STANDARD = gnu11;
				GCC_NO_COMMON_BLOCKS = YES;
				GCC_WARN_64_TO_32_BIT_CONVERSION = YES;
				GCC_WARN_ABOUT_RETURN_TYPE = YES_ERROR;
				GCC_WARN_UNDECLARED_SELECTOR = YES;
				GCC_WARN_UNINITIALIZED_AUTOS = YES_AGGRESSIVE;
				GCC_WARN_UNUSED_FUNCTION = YES;
				GCC_WARN_UNUSED_VARIABLE = YES;
				MTL_ENABLE_DEBUG_INFO = NO;
				MTL_FAST_MATH = YES;
				SWIFT_COMPILATION_MODE = wholemodule;
				SWIFT_OPTIMIZATION_LEVEL = "-O";
			};
			name = Release;
		};
		E9A382F829F7132C0098A3D5 /* Debug */ = {
			isa = XCBuildConfiguration;
			buildSettings = {
				ASSETCATALOG_COMPILER_APPICON_NAME = AppIcon;
				ASSETCATALOG_COMPILER_GLOBAL_ACCENT_COLOR_NAME = AccentColor;
				CODE_SIGN_ENTITLEMENTS = ChoutenTCA/ChoutenTCA.entitlements;
				CODE_SIGN_STYLE = Automatic;
				CURRENT_PROJECT_VERSION = 0;
				DEAD_CODE_STRIPPING = YES;
				DEVELOPMENT_ASSET_PATHS = "\"ChoutenTCA/Preview Content\"";
				DEVELOPMENT_TEAM = A9QQBWPHB7;
				ENABLE_HARDENED_RUNTIME = YES;
				ENABLE_PREVIEWS = YES;
				GENERATE_INFOPLIST_FILE = YES;
				INFOPLIST_FILE = ChoutenTCA/Info.plist;
				INFOPLIST_KEY_CFBundleDisplayName = Chouten;
				"INFOPLIST_KEY_UIApplicationSceneManifest_Generation[sdk=iphoneos*]" = YES;
				"INFOPLIST_KEY_UIApplicationSceneManifest_Generation[sdk=iphonesimulator*]" = YES;
				"INFOPLIST_KEY_UIApplicationSupportsIndirectInputEvents[sdk=iphoneos*]" = YES;
				"INFOPLIST_KEY_UIApplicationSupportsIndirectInputEvents[sdk=iphonesimulator*]" = YES;
				"INFOPLIST_KEY_UILaunchScreen_Generation[sdk=iphoneos*]" = YES;
				"INFOPLIST_KEY_UILaunchScreen_Generation[sdk=iphonesimulator*]" = YES;
				"INFOPLIST_KEY_UIStatusBarStyle[sdk=iphoneos*]" = UIStatusBarStyleDefault;
				"INFOPLIST_KEY_UIStatusBarStyle[sdk=iphonesimulator*]" = UIStatusBarStyleDefault;
				INFOPLIST_KEY_UISupportedInterfaceOrientations_iPad = "UIInterfaceOrientationPortrait UIInterfaceOrientationPortraitUpsideDown UIInterfaceOrientationLandscapeLeft UIInterfaceOrientationLandscapeRight";
				INFOPLIST_KEY_UISupportedInterfaceOrientations_iPhone = "UIInterfaceOrientationPortrait UIInterfaceOrientationLandscapeLeft UIInterfaceOrientationLandscapeRight";
				INFOPLIST_KEY_UISupportsDocumentBrowser = YES;
				IPHONEOS_DEPLOYMENT_TARGET = 15.0;
				LD_RUNPATH_SEARCH_PATHS = "@executable_path/Frameworks";
				"LD_RUNPATH_SEARCH_PATHS[sdk=macosx*]" = "@executable_path/../Frameworks";
				MACOSX_DEPLOYMENT_TARGET = 12.3;
				MARKETING_VERSION = 0.2;
				PRODUCT_BUNDLE_IDENTIFIER = com.inumaki.Chouten;
				PRODUCT_NAME = "$(TARGET_NAME)";
				SDKROOT = auto;
				SUPPORTED_PLATFORMS = "iphoneos iphonesimulator macosx";
				SWIFT_EMIT_LOC_STRINGS = YES;
				SWIFT_VERSION = 5.0;
				TARGETED_DEVICE_FAMILY = "1,2";
			};
			name = Debug;
		};
		E9A382F929F7132C0098A3D5 /* Release */ = {
			isa = XCBuildConfiguration;
			buildSettings = {
				ASSETCATALOG_COMPILER_APPICON_NAME = AppIcon;
				ASSETCATALOG_COMPILER_GLOBAL_ACCENT_COLOR_NAME = AccentColor;
				CODE_SIGN_ENTITLEMENTS = ChoutenTCA/ChoutenTCA.entitlements;
				CODE_SIGN_STYLE = Automatic;
				CURRENT_PROJECT_VERSION = 0;
				DEAD_CODE_STRIPPING = YES;
				DEVELOPMENT_ASSET_PATHS = "\"ChoutenTCA/Preview Content\"";
				DEVELOPMENT_TEAM = A9QQBWPHB7;
				ENABLE_HARDENED_RUNTIME = YES;
				ENABLE_PREVIEWS = YES;
				GENERATE_INFOPLIST_FILE = YES;
				INFOPLIST_FILE = ChoutenTCA/Info.plist;
				INFOPLIST_KEY_CFBundleDisplayName = Chouten;
				"INFOPLIST_KEY_UIApplicationSceneManifest_Generation[sdk=iphoneos*]" = YES;
				"INFOPLIST_KEY_UIApplicationSceneManifest_Generation[sdk=iphonesimulator*]" = YES;
				"INFOPLIST_KEY_UIApplicationSupportsIndirectInputEvents[sdk=iphoneos*]" = YES;
				"INFOPLIST_KEY_UIApplicationSupportsIndirectInputEvents[sdk=iphonesimulator*]" = YES;
				"INFOPLIST_KEY_UILaunchScreen_Generation[sdk=iphoneos*]" = YES;
				"INFOPLIST_KEY_UILaunchScreen_Generation[sdk=iphonesimulator*]" = YES;
				"INFOPLIST_KEY_UIStatusBarStyle[sdk=iphoneos*]" = UIStatusBarStyleDefault;
				"INFOPLIST_KEY_UIStatusBarStyle[sdk=iphonesimulator*]" = UIStatusBarStyleDefault;
				INFOPLIST_KEY_UISupportedInterfaceOrientations_iPad = "UIInterfaceOrientationPortrait UIInterfaceOrientationPortraitUpsideDown UIInterfaceOrientationLandscapeLeft UIInterfaceOrientationLandscapeRight";
				INFOPLIST_KEY_UISupportedInterfaceOrientations_iPhone = "UIInterfaceOrientationPortrait UIInterfaceOrientationLandscapeLeft UIInterfaceOrientationLandscapeRight";
				INFOPLIST_KEY_UISupportsDocumentBrowser = YES;
				IPHONEOS_DEPLOYMENT_TARGET = 15.0;
				LD_RUNPATH_SEARCH_PATHS = "@executable_path/Frameworks";
				"LD_RUNPATH_SEARCH_PATHS[sdk=macosx*]" = "@executable_path/../Frameworks";
				MACOSX_DEPLOYMENT_TARGET = 12.3;
				MARKETING_VERSION = 0.2;
				PRODUCT_BUNDLE_IDENTIFIER = com.inumaki.Chouten;
				PRODUCT_NAME = "$(TARGET_NAME)";
				SDKROOT = auto;
				SUPPORTED_PLATFORMS = "iphoneos iphonesimulator macosx";
				SWIFT_EMIT_LOC_STRINGS = YES;
				SWIFT_VERSION = 5.0;
				TARGETED_DEVICE_FAMILY = "1,2";
			};
			name = Release;
		};
/* End XCBuildConfiguration section */

/* Begin XCConfigurationList section */
		E9A382E329F7132A0098A3D5 /* Build configuration list for PBXProject "ChoutenTCA" */ = {
			isa = XCConfigurationList;
			buildConfigurations = (
				E9A382F529F7132C0098A3D5 /* Debug */,
				E9A382F629F7132C0098A3D5 /* Release */,
			);
			defaultConfigurationIsVisible = 0;
			defaultConfigurationName = Release;
		};
		E9A382F729F7132C0098A3D5 /* Build configuration list for PBXNativeTarget "ChoutenTCA" */ = {
			isa = XCConfigurationList;
			buildConfigurations = (
				E9A382F829F7132C0098A3D5 /* Debug */,
				E9A382F929F7132C0098A3D5 /* Release */,
			);
			defaultConfigurationIsVisible = 0;
			defaultConfigurationName = Release;
		};
/* End XCConfigurationList section */

/* Begin XCRemoteSwiftPackageReference section */
		E921067E2A29B13F00074C54 /* XCRemoteSwiftPackageReference "SwiftWebVTT" */ = {
			isa = XCRemoteSwiftPackageReference;
			repositoryURL = "https://github.com/thisIsTheFoxe/SwiftWebVTT";
			requirement = {
				kind = upToNextMajorVersion;
				minimumVersion = 0.1.0;
			};
		};
		E92106872A2AD58000074C54 /* XCRemoteSwiftPackageReference "ActivityIndicatorView" */ = {
			isa = XCRemoteSwiftPackageReference;
			repositoryURL = "https://github.com/exyte/ActivityIndicatorView.git";
			requirement = {
				kind = upToNextMajorVersion;
				minimumVersion = 1.0.0;
			};
		};
		E97C333E2A28002700979A91 /* XCRemoteSwiftPackageReference "SwiftyJSON" */ = {
			isa = XCRemoteSwiftPackageReference;
			repositoryURL = "https://github.com/SwiftyJSON/SwiftyJSON.git";
			requirement = {
				kind = upToNextMajorVersion;
				minimumVersion = 5.0.0;
			};
		};
		E9A09BEA2A3A4E8A0035F57B /* XCRemoteSwiftPackageReference "SwiftUI-Shimmer" */ = {
			isa = XCRemoteSwiftPackageReference;
			repositoryURL = "https://github.com/markiv/SwiftUI-Shimmer.git";
			requirement = {
				kind = upToNextMajorVersion;
				minimumVersion = 1.0.0;
			};
		};
		E9A382FA29F713480098A3D5 /* XCRemoteSwiftPackageReference "swift-composable-architecture" */ = {
			isa = XCRemoteSwiftPackageReference;
			repositoryURL = "https://github.com/pointfreeco/swift-composable-architecture";
			requirement = {
				branch = main;
				kind = branch;
			};
		};
		E9A3830F29F723FB0098A3D5 /* XCRemoteSwiftPackageReference "Kingfisher" */ = {
			isa = XCRemoteSwiftPackageReference;
			repositoryURL = "https://github.com/onevcat/Kingfisher";
			requirement = {
				branch = master;
				kind = branch;
			};
		};
		E9B6016B2A1CF1EA009E6EFE /* XCRemoteSwiftPackageReference "PopupView" */ = {
			isa = XCRemoteSwiftPackageReference;
			repositoryURL = "https://github.com/exyte/PopupView";
			requirement = {
				kind = upToNextMajorVersion;
				minimumVersion = 2.0.0;
			};
		};
		E9B601762A1D0A92009E6EFE /* XCRemoteSwiftPackageReference "swiftui-navigation-transitions" */ = {
			isa = XCRemoteSwiftPackageReference;
			repositoryURL = "https://github.com/davdroman/swiftui-navigation-transitions.git";
			requirement = {
				kind = upToNextMajorVersion;
				minimumVersion = 0.9.0;
			};
		};
		E9B601912A1D3742009E6EFE /* XCRemoteSwiftPackageReference "ZIPFoundation" */ = {
			isa = XCRemoteSwiftPackageReference;
			repositoryURL = "https://github.com/weichsel/ZIPFoundation";
			requirement = {
				kind = upToNextMajorVersion;
				minimumVersion = 0.9.16;
			};
		};
/* End XCRemoteSwiftPackageReference section */

/* Begin XCSwiftPackageProductDependency section */
		E921067F2A29B13F00074C54 /* SwiftWebVTT */ = {
			isa = XCSwiftPackageProductDependency;
			package = E921067E2A29B13F00074C54 /* XCRemoteSwiftPackageReference "SwiftWebVTT" */;
			productName = SwiftWebVTT;
		};
		E92106882A2AD58000074C54 /* ActivityIndicatorView */ = {
			isa = XCSwiftPackageProductDependency;
			package = E92106872A2AD58000074C54 /* XCRemoteSwiftPackageReference "ActivityIndicatorView" */;
			productName = ActivityIndicatorView;
		};
		E97C333F2A28002700979A91 /* SwiftyJSON */ = {
			isa = XCSwiftPackageProductDependency;
			package = E97C333E2A28002700979A91 /* XCRemoteSwiftPackageReference "SwiftyJSON" */;
			productName = SwiftyJSON;
		};
		E9A09BEB2A3A4E8A0035F57B /* Shimmer */ = {
			isa = XCSwiftPackageProductDependency;
			package = E9A09BEA2A3A4E8A0035F57B /* XCRemoteSwiftPackageReference "SwiftUI-Shimmer" */;
			productName = Shimmer;
		};
		E9A382FB29F713480098A3D5 /* ComposableArchitecture */ = {
			isa = XCSwiftPackageProductDependency;
			package = E9A382FA29F713480098A3D5 /* XCRemoteSwiftPackageReference "swift-composable-architecture" */;
			productName = ComposableArchitecture;
		};
		E9A3831029F723FB0098A3D5 /* Kingfisher */ = {
			isa = XCSwiftPackageProductDependency;
			package = E9A3830F29F723FB0098A3D5 /* XCRemoteSwiftPackageReference "Kingfisher" */;
			productName = Kingfisher;
		};
		E9B6016C2A1CF1EB009E6EFE /* PopupView */ = {
			isa = XCSwiftPackageProductDependency;
			package = E9B6016B2A1CF1EA009E6EFE /* XCRemoteSwiftPackageReference "PopupView" */;
			productName = PopupView;
		};
		E9B601772A1D0A92009E6EFE /* NavigationTransitions */ = {
			isa = XCSwiftPackageProductDependency;
			package = E9B601762A1D0A92009E6EFE /* XCRemoteSwiftPackageReference "swiftui-navigation-transitions" */;
			productName = NavigationTransitions;
		};
		E9B601922A1D3743009E6EFE /* ZIPFoundation */ = {
			isa = XCSwiftPackageProductDependency;
			package = E9B601912A1D3742009E6EFE /* XCRemoteSwiftPackageReference "ZIPFoundation" */;
			productName = ZIPFoundation;
		};
/* End XCSwiftPackageProductDependency section */

/* Begin XCVersionGroup section */
		E97C33202A1F026400979A91 /* Info.xcdatamodeld */ = {
			isa = XCVersionGroup;
			children = (
				E97C33212A1F026400979A91 /* CoreDataModel.xcdatamodel */,
			);
			currentVersion = E97C33212A1F026400979A91 /* CoreDataModel.xcdatamodel */;
			path = Info.xcdatamodeld;
			sourceTree = "<group>";
			versionGroupType = wrapper.xcdatamodel;
		};
/* End XCVersionGroup section */
	};
	rootObject = E9A382E029F7132A0098A3D5 /* Project object */;
}
